// !$*UTF8*$!
{
	archiveVersion = 1;
	classes = {
	};
	objectVersion = 46;
	objects = {

/* Begin PBXBuildFile section */
		26F82A0917F468380048E85B /* Foundation.framework in Frameworks */ = {isa = PBXBuildFile; fileRef = 26F82A0817F468370048E85B /* Foundation.framework */; };
		26F82A0E17F468380048E85B /* ZohoCreatorFramework.h in CopyFiles */ = {isa = PBXBuildFile; fileRef = 26F82A0D17F468380048E85B /* ZohoCreatorFramework.h */; };
		26F82A1017F468380048E85B /* ZohoCreatorFramework.m in Sources */ = {isa = PBXBuildFile; fileRef = 26F82A0F17F468380048E85B /* ZohoCreatorFramework.m */; };
		26F82B1A17F468810048E85B /* ZCApplication.m in Sources */ = {isa = PBXBuildFile; fileRef = 26F82A1817F468800048E85B /* ZCApplication.m */; };
		26F82B1B17F468810048E85B /* ZCApplicationList.m in Sources */ = {isa = PBXBuildFile; fileRef = 26F82A1A17F468800048E85B /* ZCApplicationList.m */; };
		26F82B1C17F468810048E85B /* DecodeObject.m in Sources */ = {isa = PBXBuildFile; fileRef = 26F82A1D17F468800048E85B /* DecodeObject.m */; };
		26F82B1D17F468810048E85B /* EncodeObject.m in Sources */ = {isa = PBXBuildFile; fileRef = 26F82A1F17F468800048E85B /* EncodeObject.m */; };
		26F82B1E17F468810048E85B /* ArchiveUtil.m in Sources */ = {isa = PBXBuildFile; fileRef = 26F82A2217F468800048E85B /* ArchiveUtil.m */; };
		26F82B1F17F468810048E85B /* ZCFieldData.m in Sources */ = {isa = PBXBuildFile; fileRef = 26F82A2617F468800048E85B /* ZCFieldData.m */; };
		26F82B2017F468810048E85B /* ZCRecordUtil.m in Sources */ = {isa = PBXBuildFile; fileRef = 26F82A2817F468800048E85B /* ZCRecordUtil.m */; };
		26F82B2117F468810048E85B /* ZCCalendarEvent.m in Sources */ = {isa = PBXBuildFile; fileRef = 26F82A2A17F468800048E85B /* ZCCalendarEvent.m */; };
		26F82B2217F468810048E85B /* ZCCalendarEvents.m in Sources */ = {isa = PBXBuildFile; fileRef = 26F82A2C17F468800048E85B /* ZCCalendarEvents.m */; };
		26F82B2317F468810048E85B /* ZCGroup.m in Sources */ = {isa = PBXBuildFile; fileRef = 26F82A2E17F468800048E85B /* ZCGroup.m */; };
		26F82B2417F468810048E85B /* ZCGroups.m in Sources */ = {isa = PBXBuildFile; fileRef = 26F82A3017F468800048E85B /* ZCGroups.m */; };
		26F82B2517F468810048E85B /* ZCRecord.m in Sources */ = {isa = PBXBuildFile; fileRef = 26F82A3217F468800048E85B /* ZCRecord.m */; };
		26F82B2617F468810048E85B /* ZCRecords.m in Sources */ = {isa = PBXBuildFile; fileRef = 26F82A3417F468800048E85B /* ZCRecords.m */; };
		26F82B2717F468810048E85B /* ZCRecordString.m in Sources */ = {isa = PBXBuildFile; fileRef = 26F82A3617F468800048E85B /* ZCRecordString.m */; };
		26F82B2817F468810048E85B /* ZCApplicationFetcher.m in Sources */ = {isa = PBXBuildFile; fileRef = 26F82A3917F468800048E85B /* ZCApplicationFetcher.m */; };
		26F82B2917F468810048E85B /* ZCAppListFetcher.m in Sources */ = {isa = PBXBuildFile; fileRef = 26F82A3B17F468800048E85B /* ZCAppListFetcher.m */; };
		26F82B2A17F468810048E85B /* ZCAppsCategoryListFetcher.m in Sources */ = {isa = PBXBuildFile; fileRef = 26F82A3D17F468800048E85B /* ZCAppsCategoryListFetcher.m */; };
		26F82B2B17F468810048E85B /* ZCDelugeFetcher.m in Sources */ = {isa = PBXBuildFile; fileRef = 26F82A3F17F468800048E85B /* ZCDelugeFetcher.m */; };
		26F82B2C17F468810048E85B /* ZCFormFetcher.m in Sources */ = {isa = PBXBuildFile; fileRef = 26F82A4117F468800048E85B /* ZCFormFetcher.m */; };
		26F82B2D17F468810048E85B /* ZCHTMLViewFetcher.m in Sources */ = {isa = PBXBuildFile; fileRef = 26F82A4317F468800048E85B /* ZCHTMLViewFetcher.m */; };
		26F82B2E17F468810048E85B /* ZCImageFetcher.m in Sources */ = {isa = PBXBuildFile; fileRef = 26F82A4517F468800048E85B /* ZCImageFetcher.m */; };
		26F82B2F17F468810048E85B /* ZCLicFetcher.m in Sources */ = {isa = PBXBuildFile; fileRef = 26F82A4717F468800048E85B /* ZCLicFetcher.m */; };
		26F82B3017F468810048E85B /* ZCRecordCountFetcher.m in Sources */ = {isa = PBXBuildFile; fileRef = 26F82A4917F468800048E85B /* ZCRecordCountFetcher.m */; };
		26F82B3117F468810048E85B /* ZCSectionFetcher.m in Sources */ = {isa = PBXBuildFile; fileRef = 26F82A4B17F468800048E85B /* ZCSectionFetcher.m */; };
		26F82B3217F468810048E85B /* ZCSharedAppListFetcher.m in Sources */ = {isa = PBXBuildFile; fileRef = 26F82A4D17F468800048E85B /* ZCSharedAppListFetcher.m */; };
		26F82B3317F468810048E85B /* ZCUserDetailsFetcher.m in Sources */ = {isa = PBXBuildFile; fileRef = 26F82A4F17F468800048E85B /* ZCUserDetailsFetcher.m */; };
		26F82B3417F468810048E85B /* ZCViewFetcher.m in Sources */ = {isa = PBXBuildFile; fileRef = 26F82A5117F468800048E85B /* ZCViewFetcher.m */; };
		26F82B3517F468810048E85B /* ZCWorkSpaceAppListFetcher.m in Sources */ = {isa = PBXBuildFile; fileRef = 26F82A5317F468800048E85B /* ZCWorkSpaceAppListFetcher.m */; };
		26F82B3617F468810048E85B /* NewRecordXML.m in Sources */ = {isa = PBXBuildFile; fileRef = 26F82A5617F468800048E85B /* NewRecordXML.m */; };
		26F82B3717F468810048E85B /* ZCIssueReporter.m in Sources */ = {isa = PBXBuildFile; fileRef = 26F82A5917F468800048E85B /* ZCIssueReporter.m */; };
		26F82B3817F468810048E85B /* ZCAllAppsCategory.m in Sources */ = {isa = PBXBuildFile; fileRef = 26F82A5D17F468800048E85B /* ZCAllAppsCategory.m */; };
		26F82B3917F468810048E85B /* ZCPersonalGroup.m in Sources */ = {isa = PBXBuildFile; fileRef = 26F82A5F17F468800048E85B /* ZCPersonalGroup.m */; };
		26F82B3A17F468810048E85B /* ZCWorkSpace.m in Sources */ = {isa = PBXBuildFile; fileRef = 26F82A6117F468800048E85B /* ZCWorkSpace.m */; };
		26F82B3B17F468810048E85B /* ZCComponent.m in Sources */ = {isa = PBXBuildFile; fileRef = 26F82A6417F468800048E85B /* ZCComponent.m */; };
		26F82B3C17F468810048E85B /* ZCField.m in Sources */ = {isa = PBXBuildFile; fileRef = 26F82A6817F468800048E85B /* ZCField.m */; };
		26F82B3D17F468810048E85B /* ZCFieldList.m in Sources */ = {isa = PBXBuildFile; fileRef = 26F82A6A17F468800048E85B /* ZCFieldList.m */; };
		26F82B3E17F468810048E85B /* ZCButton.m in Sources */ = {isa = PBXBuildFile; fileRef = 26F82A6C17F468800048E85B /* ZCButton.m */; };
		26F82B3F17F468810048E85B /* ZCForm.m in Sources */ = {isa = PBXBuildFile; fileRef = 26F82A6E17F468800048E85B /* ZCForm.m */; };
		26F82B4017F468810048E85B /* ZCSection.m in Sources */ = {isa = PBXBuildFile; fileRef = 26F82A7117F468800048E85B /* ZCSection.m */; };
		26F82B4117F468810048E85B /* ZCSections.m in Sources */ = {isa = PBXBuildFile; fileRef = 26F82A7317F468800048E85B /* ZCSections.m */; };
		26F82B4217F468810048E85B /* MetaDataUtil.m in Sources */ = {isa = PBXBuildFile; fileRef = 26F82A7617F468800048E85B /* MetaDataUtil.m */; };
		26F82B4317F468810048E85B /* ZCMetaDefault.m in Sources */ = {isa = PBXBuildFile; fileRef = 26F82A7817F468800048E85B /* ZCMetaDefault.m */; };
		26F82B4417F468810048E85B /* ZCViewAction.m in Sources */ = {isa = PBXBuildFile; fileRef = 26F82A7C17F468800048E85B /* ZCViewAction.m */; };
		26F82B4517F468810048E85B /* ZCCriteriaUtil.m in Sources */ = {isa = PBXBuildFile; fileRef = 26F82A8017F468800048E85B /* ZCCriteriaUtil.m */; };
		26F82B4617F468810048E85B /* ZCCriteria.m in Sources */ = {isa = PBXBuildFile; fileRef = 26F82A8217F468800048E85B /* ZCCriteria.m */; };
		26F82B4717F468810048E85B /* ZCViewField.m in Sources */ = {isa = PBXBuildFile; fileRef = 26F82A8517F468800048E85B /* ZCViewField.m */; };
		26F82B4817F468810048E85B /* ZCViewCustomFilter.m in Sources */ = {isa = PBXBuildFile; fileRef = 26F82A8817F468800048E85B /* ZCViewCustomFilter.m */; };
		26F82B4917F468810048E85B /* ZCViewFilter.m in Sources */ = {isa = PBXBuildFile; fileRef = 26F82A8A17F468800048E85B /* ZCViewFilter.m */; };
		26F82B4A17F468810048E85B /* ZCHTMLView.m in Sources */ = {isa = PBXBuildFile; fileRef = 26F82A8D17F468800048E85B /* ZCHTMLView.m */; };
		26F82B4B17F468810048E85B /* ZCView.m in Sources */ = {isa = PBXBuildFile; fileRef = 26F82A8F17F468800048E85B /* ZCView.m */; };
		26F82B4C17F468810048E85B /* ZCViewParam.m in Sources */ = {isa = PBXBuildFile; fileRef = 26F82A9117F468800048E85B /* ZCViewParam.m */; };
		26F82B4D17F468810048E85B /* ZCApplicationParser.m in Sources */ = {isa = PBXBuildFile; fileRef = 26F82A9517F468800048E85B /* ZCApplicationParser.m */; };
		26F82B4E17F468810048E85B /* ZCAppsCategoryParser.m in Sources */ = {isa = PBXBuildFile; fileRef = 26F82A9717F468800048E85B /* ZCAppsCategoryParser.m */; };
		26F82B4F17F468810048E85B /* FormParser.m in Sources */ = {isa = PBXBuildFile; fileRef = 26F82A9A17F468800048E85B /* FormParser.m */; };
		26F82B5017F468810048E85B /* FormParserUtil.m in Sources */ = {isa = PBXBuildFile; fileRef = 26F82A9C17F468800048E85B /* FormParserUtil.m */; };
		26F82B5117F468810048E85B /* EditRecordParser.m in Sources */ = {isa = PBXBuildFile; fileRef = 26F82A9F17F468800048E85B /* EditRecordParser.m */; };
		26F82B5217F468810048E85B /* NewRecordParser.m in Sources */ = {isa = PBXBuildFile; fileRef = 26F82AA117F468800048E85B /* NewRecordParser.m */; };
		26F82B5317F468810048E85B /* CustomActionParser.m in Sources */ = {isa = PBXBuildFile; fileRef = 26F82AA417F468800048E85B /* CustomActionParser.m */; };
		26F82B5417F468810048E85B /* ScriptJSONParser.m in Sources */ = {isa = PBXBuildFile; fileRef = 26F82AA617F468800048E85B /* ScriptJSONParser.m */; };
		26F82B5517F468810048E85B /* ScriptParser.m in Sources */ = {isa = PBXBuildFile; fileRef = 26F82AA817F468800048E85B /* ScriptParser.m */; };
		26F82B5617F468810048E85B /* ZCSectionParser.m in Sources */ = {isa = PBXBuildFile; fileRef = 26F82AAB17F468800048E85B /* ZCSectionParser.m */; };
		26F82B5717F468810048E85B /* ZCPaymentParser.m in Sources */ = {isa = PBXBuildFile; fileRef = 26F82AAE17F468800048E85B /* ZCPaymentParser.m */; };
		26F82B5817F468810048E85B /* ZCUserParser.m in Sources */ = {isa = PBXBuildFile; fileRef = 26F82AB017F468800048E85B /* ZCUserParser.m */; };
		26F82B5917F468810048E85B /* ParserUtil.m in Sources */ = {isa = PBXBuildFile; fileRef = 26F82AB317F468800048E85B /* ParserUtil.m */; };
		26F82B5A17F468810048E85B /* RecordDuplicateParser.m in Sources */ = {isa = PBXBuildFile; fileRef = 26F82AB617F468800048E85B /* RecordDuplicateParser.m */; };
		26F82B5B17F468810048E85B /* ViewRecordCountParser.m in Sources */ = {isa = PBXBuildFile; fileRef = 26F82AB817F468800048E85B /* ViewRecordCountParser.m */; };
		26F82B5C17F468810048E85B /* ViewRecordParser.m in Sources */ = {isa = PBXBuildFile; fileRef = 26F82ABA17F468800048E85B /* ViewRecordParser.m */; };
		26F82B5D17F468810048E85B /* ZCSubFormRecords.m in Sources */ = {isa = PBXBuildFile; fileRef = 26F82ABD17F468800048E85B /* ZCSubFormRecords.m */; };
		26F82B5E17F468810048E85B /* ButtonOnClick.m in Sources */ = {isa = PBXBuildFile; fileRef = 26F82AC117F468800048E85B /* ButtonOnClick.m */; };
		26F82B5F17F468810048E85B /* CustomAction.m in Sources */ = {isa = PBXBuildFile; fileRef = 26F82AC317F468800048E85B /* CustomAction.m */; };
		26F82B6017F468810048E85B /* DelugeEvent.m in Sources */ = {isa = PBXBuildFile; fileRef = 26F82AC517F468800048E85B /* DelugeEvent.m */; };
		26F82B6117F468810048E85B /* ExecuteFormula.m in Sources */ = {isa = PBXBuildFile; fileRef = 26F82AC717F468800048E85B /* ExecuteFormula.m */; };
		26F82B6217F468810048E85B /* FieldOnUser.m in Sources */ = {isa = PBXBuildFile; fileRef = 26F82AC917F468800048E85B /* FieldOnUser.m */; };
		26F82B6317F468810048E85B /* FieldOnuserEvent.m in Sources */ = {isa = PBXBuildFile; fileRef = 26F82ACB17F468800048E85B /* FieldOnuserEvent.m */; };
		26F82B6417F468810048E85B /* FormEditOnLoad.m in Sources */ = {isa = PBXBuildFile; fileRef = 26F82ACD17F468800048E85B /* FormEditOnLoad.m */; };
		26F82B6517F468810048E85B /* FormOnLoad.m in Sources */ = {isa = PBXBuildFile; fileRef = 26F82ACF17F468800048E85B /* FormOnLoad.m */; };
		26F82B6617F468810048E85B /* SubFormAddEvent.m in Sources */ = {isa = PBXBuildFile; fileRef = 26F82AD117F468800048E85B /* SubFormAddEvent.m */; };
		26F82B6717F468810048E85B /* SubFormDeleteEvent.m in Sources */ = {isa = PBXBuildFile; fileRef = 26F82AD317F468800048E85B /* SubFormDeleteEvent.m */; };
		26F82B6817F468810048E85B /* SubFormOnUser.m in Sources */ = {isa = PBXBuildFile; fileRef = 26F82AD517F468800048E85B /* SubFormOnUser.m */; };
		26F82B6917F468810048E85B /* AddValueTask.m in Sources */ = {isa = PBXBuildFile; fileRef = 26F82AD817F468800048E85B /* AddValueTask.m */; };
		26F82B6A17F468810048E85B /* AlertTask.m in Sources */ = {isa = PBXBuildFile; fileRef = 26F82ADA17F468800048E85B /* AlertTask.m */; };
		26F82B6B17F468810048E85B /* ClearTask.m in Sources */ = {isa = PBXBuildFile; fileRef = 26F82ADC17F468800048E85B /* ClearTask.m */; };
		26F82B6C17F468810048E85B /* ClearValueTask.m in Sources */ = {isa = PBXBuildFile; fileRef = 26F82ADE17F468800048E85B /* ClearValueTask.m */; };
		26F82B6D17F468810048E85B /* CustomActionResponse.m in Sources */ = {isa = PBXBuildFile; fileRef = 26F82AE017F468800048E85B /* CustomActionResponse.m */; };
		26F82B6E17F468810048E85B /* CustomActionResult.m in Sources */ = {isa = PBXBuildFile; fileRef = 26F82AE217F468800048E85B /* CustomActionResult.m */; };
		26F82B6F17F468810048E85B /* DelugeTask.m in Sources */ = {isa = PBXBuildFile; fileRef = 26F82AE417F468800048E85B /* DelugeTask.m */; };
		26F82B7017F468810048E85B /* DelugeTasks.m in Sources */ = {isa = PBXBuildFile; fileRef = 26F82AE617F468800048E85B /* DelugeTasks.m */; };
		26F82B7117F468810048E85B /* DeSelectAll.m in Sources */ = {isa = PBXBuildFile; fileRef = 26F82AE817F468800048E85B /* DeSelectAll.m */; };
		26F82B7217F468810048E85B /* DeSelectValueTask.m in Sources */ = {isa = PBXBuildFile; fileRef = 26F82AEA17F468800048E85B /* DeSelectValueTask.m */; };
		26F82B7317F468810048E85B /* DisableTask.m in Sources */ = {isa = PBXBuildFile; fileRef = 26F82AEC17F468800048E85B /* DisableTask.m */; };
		26F82B7417F468810048E85B /* EnableTask.m in Sources */ = {isa = PBXBuildFile; fileRef = 26F82AEE17F468800048E85B /* EnableTask.m */; };
		26F82B7517F468810048E85B /* HideTask.m in Sources */ = {isa = PBXBuildFile; fileRef = 26F82AF017F468800048E85B /* HideTask.m */; };
		26F82B7617F468810048E85B /* OpenUrlTask.m in Sources */ = {isa = PBXBuildFile; fileRef = 26F82AF217F468800048E85B /* OpenUrlTask.m */; };
		26F82B7717F468810048E85B /* ReloadFormTask.m in Sources */ = {isa = PBXBuildFile; fileRef = 26F82AF417F468800048E85B /* ReloadFormTask.m */; };
		26F82B7817F468810048E85B /* SelectAllTask.m in Sources */ = {isa = PBXBuildFile; fileRef = 26F82AF617F468800048E85B /* SelectAllTask.m */; };
		26F82B7917F468810048E85B /* SelectValueTask.m in Sources */ = {isa = PBXBuildFile; fileRef = 26F82AF817F468810048E85B /* SelectValueTask.m */; };
		26F82B7A17F468810048E85B /* SetVariableTask.m in Sources */ = {isa = PBXBuildFile; fileRef = 26F82AFA17F468810048E85B /* SetVariableTask.m */; };
		26F82B7B17F468810048E85B /* ShowTask.m in Sources */ = {isa = PBXBuildFile; fileRef = 26F82AFC17F468810048E85B /* ShowTask.m */; };
		26F82B7C17F468810048E85B /* ZCFieldError.m in Sources */ = {isa = PBXBuildFile; fileRef = 26F82AFF17F468810048E85B /* ZCFieldError.m */; };
		26F82B7D17F468810048E85B /* ZCRecordError.m in Sources */ = {isa = PBXBuildFile; fileRef = 26F82B0117F468810048E85B /* ZCRecordError.m */; };
		26F82B7E17F468810048E85B /* ZCRecordStatus.m in Sources */ = {isa = PBXBuildFile; fileRef = 26F82B0317F468810048E85B /* ZCRecordStatus.m */; };
		26F82B7F17F468810048E85B /* ZCSubFormFieldError.m in Sources */ = {isa = PBXBuildFile; fileRef = 26F82B0517F468810048E85B /* ZCSubFormFieldError.m */; };
		26F82B8017F468810048E85B /* ZOHOCreatorError.m in Sources */ = {isa = PBXBuildFile; fileRef = 26F82B0717F468810048E85B /* ZOHOCreatorError.m */; };
		26F82B8117F468810048E85B /* ConnectionChecker.m in Sources */ = {isa = PBXBuildFile; fileRef = 26F82B0A17F468810048E85B /* ConnectionChecker.m */; };
		26F82B8217F468810048E85B /* URLConnector.m in Sources */ = {isa = PBXBuildFile; fileRef = 26F82B0C17F468810048E85B /* URLConnector.m */; };
		26F82B8317F468810048E85B /* URLConstructor.m in Sources */ = {isa = PBXBuildFile; fileRef = 26F82B0E17F468810048E85B /* URLConstructor.m */; };
		26F82B8417F468810048E85B /* ZCPayment.m in Sources */ = {isa = PBXBuildFile; fileRef = 26F82B1117F468810048E85B /* ZCPayment.m */; };
		26F82B8517F468810048E85B /* ZOHOUser.m in Sources */ = {isa = PBXBuildFile; fileRef = 26F82B1317F468810048E85B /* ZOHOUser.m */; };
		26F82B8617F468810048E85B /* ZCInternationalization.m in Sources */ = {isa = PBXBuildFile; fileRef = 26F82B1617F468810048E85B /* ZCInternationalization.m */; };
		26F82B8717F468810048E85B /* ZOHOCreator.m in Sources */ = {isa = PBXBuildFile; fileRef = 26F82B1917F468810048E85B /* ZOHOCreator.m */; };
/* End PBXBuildFile section */

/* Begin PBXCopyFilesBuildPhase section */
		26F82A0317F468370048E85B /* CopyFiles */ = {
			isa = PBXCopyFilesBuildPhase;
			buildActionMask = 2147483647;
			dstPath = "include/${PRODUCT_NAME}";
			dstSubfolderSpec = 16;
			files = (
				26F82A0E17F468380048E85B /* ZohoCreatorFramework.h in CopyFiles */,
			);
			runOnlyForDeploymentPostprocessing = 0;
		};
/* End PBXCopyFilesBuildPhase section */

/* Begin PBXFileReference section */
		26F82A0517F468370048E85B /* libZohoCreatorFramework.a */ = {isa = PBXFileReference; explicitFileType = archive.ar; includeInIndex = 0; path = libZohoCreatorFramework.a; sourceTree = BUILT_PRODUCTS_DIR; };
		26F82A0817F468370048E85B /* Foundation.framework */ = {isa = PBXFileReference; lastKnownFileType = wrapper.framework; name = Foundation.framework; path = System/Library/Frameworks/Foundation.framework; sourceTree = SDKROOT; };
		26F82A0C17F468380048E85B /* ZohoCreatorFramework-Prefix.pch */ = {isa = PBXFileReference; lastKnownFileType = sourcecode.c.h; path = "ZohoCreatorFramework-Prefix.pch"; sourceTree = "<group>"; };
		26F82A0D17F468380048E85B /* ZohoCreatorFramework.h */ = {isa = PBXFileReference; lastKnownFileType = sourcecode.c.h; path = ZohoCreatorFramework.h; sourceTree = "<group>"; };
		26F82A0F17F468380048E85B /* ZohoCreatorFramework.m */ = {isa = PBXFileReference; lastKnownFileType = sourcecode.c.objc; path = ZohoCreatorFramework.m; sourceTree = "<group>"; };
		26F82A1717F468800048E85B /* ZCApplication.h */ = {isa = PBXFileReference; fileEncoding = 4; lastKnownFileType = sourcecode.c.h; path = ZCApplication.h; sourceTree = "<group>"; };
		26F82A1817F468800048E85B /* ZCApplication.m */ = {isa = PBXFileReference; fileEncoding = 4; lastKnownFileType = sourcecode.c.objc; path = ZCApplication.m; sourceTree = "<group>"; };
		26F82A1917F468800048E85B /* ZCApplicationList.h */ = {isa = PBXFileReference; fileEncoding = 4; lastKnownFileType = sourcecode.c.h; path = ZCApplicationList.h; sourceTree = "<group>"; };
		26F82A1A17F468800048E85B /* ZCApplicationList.m */ = {isa = PBXFileReference; fileEncoding = 4; lastKnownFileType = sourcecode.c.objc; path = ZCApplicationList.m; sourceTree = "<group>"; };
		26F82A1C17F468800048E85B /* DecodeObject.h */ = {isa = PBXFileReference; fileEncoding = 4; lastKnownFileType = sourcecode.c.h; path = DecodeObject.h; sourceTree = "<group>"; };
		26F82A1D17F468800048E85B /* DecodeObject.m */ = {isa = PBXFileReference; fileEncoding = 4; lastKnownFileType = sourcecode.c.objc; path = DecodeObject.m; sourceTree = "<group>"; };
		26F82A1E17F468800048E85B /* EncodeObject.h */ = {isa = PBXFileReference; fileEncoding = 4; lastKnownFileType = sourcecode.c.h; path = EncodeObject.h; sourceTree = "<group>"; };
		26F82A1F17F468800048E85B /* EncodeObject.m */ = {isa = PBXFileReference; fileEncoding = 4; lastKnownFileType = sourcecode.c.objc; path = EncodeObject.m; sourceTree = "<group>"; };
		26F82A2117F468800048E85B /* ArchiveUtil.h */ = {isa = PBXFileReference; fileEncoding = 4; lastKnownFileType = sourcecode.c.h; path = ArchiveUtil.h; sourceTree = "<group>"; };
		26F82A2217F468800048E85B /* ArchiveUtil.m */ = {isa = PBXFileReference; fileEncoding = 4; lastKnownFileType = sourcecode.c.objc; path = ArchiveUtil.m; sourceTree = "<group>"; };
		26F82A2517F468800048E85B /* ZCFieldData.h */ = {isa = PBXFileReference; fileEncoding = 4; lastKnownFileType = sourcecode.c.h; path = ZCFieldData.h; sourceTree = "<group>"; };
		26F82A2617F468800048E85B /* ZCFieldData.m */ = {isa = PBXFileReference; fileEncoding = 4; lastKnownFileType = sourcecode.c.objc; path = ZCFieldData.m; sourceTree = "<group>"; };
		26F82A2717F468800048E85B /* ZCRecordUtil.h */ = {isa = PBXFileReference; fileEncoding = 4; lastKnownFileType = sourcecode.c.h; path = ZCRecordUtil.h; sourceTree = "<group>"; };
		26F82A2817F468800048E85B /* ZCRecordUtil.m */ = {isa = PBXFileReference; fileEncoding = 4; lastKnownFileType = sourcecode.c.objc; path = ZCRecordUtil.m; sourceTree = "<group>"; };
		26F82A2917F468800048E85B /* ZCCalendarEvent.h */ = {isa = PBXFileReference; fileEncoding = 4; lastKnownFileType = sourcecode.c.h; path = ZCCalendarEvent.h; sourceTree = "<group>"; };
		26F82A2A17F468800048E85B /* ZCCalendarEvent.m */ = {isa = PBXFileReference; fileEncoding = 4; lastKnownFileType = sourcecode.c.objc; path = ZCCalendarEvent.m; sourceTree = "<group>"; };
		26F82A2B17F468800048E85B /* ZCCalendarEvents.h */ = {isa = PBXFileReference; fileEncoding = 4; lastKnownFileType = sourcecode.c.h; path = ZCCalendarEvents.h; sourceTree = "<group>"; };
		26F82A2C17F468800048E85B /* ZCCalendarEvents.m */ = {isa = PBXFileReference; fileEncoding = 4; lastKnownFileType = sourcecode.c.objc; path = ZCCalendarEvents.m; sourceTree = "<group>"; };
		26F82A2D17F468800048E85B /* ZCGroup.h */ = {isa = PBXFileReference; fileEncoding = 4; lastKnownFileType = sourcecode.c.h; path = ZCGroup.h; sourceTree = "<group>"; };
		26F82A2E17F468800048E85B /* ZCGroup.m */ = {isa = PBXFileReference; fileEncoding = 4; lastKnownFileType = sourcecode.c.objc; path = ZCGroup.m; sourceTree = "<group>"; };
		26F82A2F17F468800048E85B /* ZCGroups.h */ = {isa = PBXFileReference; fileEncoding = 4; lastKnownFileType = sourcecode.c.h; path = ZCGroups.h; sourceTree = "<group>"; };
		26F82A3017F468800048E85B /* ZCGroups.m */ = {isa = PBXFileReference; fileEncoding = 4; lastKnownFileType = sourcecode.c.objc; path = ZCGroups.m; sourceTree = "<group>"; };
		26F82A3117F468800048E85B /* ZCRecord.h */ = {isa = PBXFileReference; fileEncoding = 4; lastKnownFileType = sourcecode.c.h; path = ZCRecord.h; sourceTree = "<group>"; };
		26F82A3217F468800048E85B /* ZCRecord.m */ = {isa = PBXFileReference; fileEncoding = 4; lastKnownFileType = sourcecode.c.objc; path = ZCRecord.m; sourceTree = "<group>"; };
		26F82A3317F468800048E85B /* ZCRecords.h */ = {isa = PBXFileReference; fileEncoding = 4; lastKnownFileType = sourcecode.c.h; path = ZCRecords.h; sourceTree = "<group>"; };
		26F82A3417F468800048E85B /* ZCRecords.m */ = {isa = PBXFileReference; fileEncoding = 4; lastKnownFileType = sourcecode.c.objc; path = ZCRecords.m; sourceTree = "<group>"; };
		26F82A3517F468800048E85B /* ZCRecordString.h */ = {isa = PBXFileReference; fileEncoding = 4; lastKnownFileType = sourcecode.c.h; path = ZCRecordString.h; sourceTree = "<group>"; };
		26F82A3617F468800048E85B /* ZCRecordString.m */ = {isa = PBXFileReference; fileEncoding = 4; lastKnownFileType = sourcecode.c.objc; path = ZCRecordString.m; sourceTree = "<group>"; };
		26F82A3817F468800048E85B /* ZCApplicationFetcher.h */ = {isa = PBXFileReference; fileEncoding = 4; lastKnownFileType = sourcecode.c.h; path = ZCApplicationFetcher.h; sourceTree = "<group>"; };
		26F82A3917F468800048E85B /* ZCApplicationFetcher.m */ = {isa = PBXFileReference; fileEncoding = 4; lastKnownFileType = sourcecode.c.objc; path = ZCApplicationFetcher.m; sourceTree = "<group>"; };
		26F82A3A17F468800048E85B /* ZCAppListFetcher.h */ = {isa = PBXFileReference; fileEncoding = 4; lastKnownFileType = sourcecode.c.h; path = ZCAppListFetcher.h; sourceTree = "<group>"; };
		26F82A3B17F468800048E85B /* ZCAppListFetcher.m */ = {isa = PBXFileReference; fileEncoding = 4; lastKnownFileType = sourcecode.c.objc; path = ZCAppListFetcher.m; sourceTree = "<group>"; };
		26F82A3C17F468800048E85B /* ZCAppsCategoryListFetcher.h */ = {isa = PBXFileReference; fileEncoding = 4; lastKnownFileType = sourcecode.c.h; path = ZCAppsCategoryListFetcher.h; sourceTree = "<group>"; };
		26F82A3D17F468800048E85B /* ZCAppsCategoryListFetcher.m */ = {isa = PBXFileReference; fileEncoding = 4; lastKnownFileType = sourcecode.c.objc; path = ZCAppsCategoryListFetcher.m; sourceTree = "<group>"; };
		26F82A3E17F468800048E85B /* ZCDelugeFetcher.h */ = {isa = PBXFileReference; fileEncoding = 4; lastKnownFileType = sourcecode.c.h; path = ZCDelugeFetcher.h; sourceTree = "<group>"; };
		26F82A3F17F468800048E85B /* ZCDelugeFetcher.m */ = {isa = PBXFileReference; fileEncoding = 4; lastKnownFileType = sourcecode.c.objc; path = ZCDelugeFetcher.m; sourceTree = "<group>"; };
		26F82A4017F468800048E85B /* ZCFormFetcher.h */ = {isa = PBXFileReference; fileEncoding = 4; lastKnownFileType = sourcecode.c.h; path = ZCFormFetcher.h; sourceTree = "<group>"; };
		26F82A4117F468800048E85B /* ZCFormFetcher.m */ = {isa = PBXFileReference; fileEncoding = 4; lastKnownFileType = sourcecode.c.objc; path = ZCFormFetcher.m; sourceTree = "<group>"; };
		26F82A4217F468800048E85B /* ZCHTMLViewFetcher.h */ = {isa = PBXFileReference; fileEncoding = 4; lastKnownFileType = sourcecode.c.h; path = ZCHTMLViewFetcher.h; sourceTree = "<group>"; };
		26F82A4317F468800048E85B /* ZCHTMLViewFetcher.m */ = {isa = PBXFileReference; fileEncoding = 4; lastKnownFileType = sourcecode.c.objc; path = ZCHTMLViewFetcher.m; sourceTree = "<group>"; };
		26F82A4417F468800048E85B /* ZCImageFetcher.h */ = {isa = PBXFileReference; fileEncoding = 4; lastKnownFileType = sourcecode.c.h; path = ZCImageFetcher.h; sourceTree = "<group>"; };
		26F82A4517F468800048E85B /* ZCImageFetcher.m */ = {isa = PBXFileReference; fileEncoding = 4; lastKnownFileType = sourcecode.c.objc; path = ZCImageFetcher.m; sourceTree = "<group>"; };
		26F82A4617F468800048E85B /* ZCLicFetcher.h */ = {isa = PBXFileReference; fileEncoding = 4; lastKnownFileType = sourcecode.c.h; path = ZCLicFetcher.h; sourceTree = "<group>"; };
		26F82A4717F468800048E85B /* ZCLicFetcher.m */ = {isa = PBXFileReference; fileEncoding = 4; lastKnownFileType = sourcecode.c.objc; path = ZCLicFetcher.m; sourceTree = "<group>"; };
		26F82A4817F468800048E85B /* ZCRecordCountFetcher.h */ = {isa = PBXFileReference; fileEncoding = 4; lastKnownFileType = sourcecode.c.h; path = ZCRecordCountFetcher.h; sourceTree = "<group>"; };
		26F82A4917F468800048E85B /* ZCRecordCountFetcher.m */ = {isa = PBXFileReference; fileEncoding = 4; lastKnownFileType = sourcecode.c.objc; path = ZCRecordCountFetcher.m; sourceTree = "<group>"; };
		26F82A4A17F468800048E85B /* ZCSectionFetcher.h */ = {isa = PBXFileReference; fileEncoding = 4; lastKnownFileType = sourcecode.c.h; path = ZCSectionFetcher.h; sourceTree = "<group>"; };
		26F82A4B17F468800048E85B /* ZCSectionFetcher.m */ = {isa = PBXFileReference; fileEncoding = 4; lastKnownFileType = sourcecode.c.objc; path = ZCSectionFetcher.m; sourceTree = "<group>"; };
		26F82A4C17F468800048E85B /* ZCSharedAppListFetcher.h */ = {isa = PBXFileReference; fileEncoding = 4; lastKnownFileType = sourcecode.c.h; path = ZCSharedAppListFetcher.h; sourceTree = "<group>"; };
		26F82A4D17F468800048E85B /* ZCSharedAppListFetcher.m */ = {isa = PBXFileReference; fileEncoding = 4; lastKnownFileType = sourcecode.c.objc; path = ZCSharedAppListFetcher.m; sourceTree = "<group>"; };
		26F82A4E17F468800048E85B /* ZCUserDetailsFetcher.h */ = {isa = PBXFileReference; fileEncoding = 4; lastKnownFileType = sourcecode.c.h; path = ZCUserDetailsFetcher.h; sourceTree = "<group>"; };
		26F82A4F17F468800048E85B /* ZCUserDetailsFetcher.m */ = {isa = PBXFileReference; fileEncoding = 4; lastKnownFileType = sourcecode.c.objc; path = ZCUserDetailsFetcher.m; sourceTree = "<group>"; };
		26F82A5017F468800048E85B /* ZCViewFetcher.h */ = {isa = PBXFileReference; fileEncoding = 4; lastKnownFileType = sourcecode.c.h; path = ZCViewFetcher.h; sourceTree = "<group>"; };
		26F82A5117F468800048E85B /* ZCViewFetcher.m */ = {isa = PBXFileReference; fileEncoding = 4; lastKnownFileType = sourcecode.c.objc; path = ZCViewFetcher.m; sourceTree = "<group>"; };
		26F82A5217F468800048E85B /* ZCWorkSpaceAppListFetcher.h */ = {isa = PBXFileReference; fileEncoding = 4; lastKnownFileType = sourcecode.c.h; path = ZCWorkSpaceAppListFetcher.h; sourceTree = "<group>"; };
		26F82A5317F468800048E85B /* ZCWorkSpaceAppListFetcher.m */ = {isa = PBXFileReference; fileEncoding = 4; lastKnownFileType = sourcecode.c.objc; path = ZCWorkSpaceAppListFetcher.m; sourceTree = "<group>"; };
		26F82A5517F468800048E85B /* NewRecordXML.h */ = {isa = PBXFileReference; fileEncoding = 4; lastKnownFileType = sourcecode.c.h; path = NewRecordXML.h; sourceTree = "<group>"; };
		26F82A5617F468800048E85B /* NewRecordXML.m */ = {isa = PBXFileReference; fileEncoding = 4; lastKnownFileType = sourcecode.c.objc; path = NewRecordXML.m; sourceTree = "<group>"; };
		26F82A5817F468800048E85B /* ZCIssueReporter.h */ = {isa = PBXFileReference; fileEncoding = 4; lastKnownFileType = sourcecode.c.h; path = ZCIssueReporter.h; sourceTree = "<group>"; };
		26F82A5917F468800048E85B /* ZCIssueReporter.m */ = {isa = PBXFileReference; fileEncoding = 4; lastKnownFileType = sourcecode.c.objc; path = ZCIssueReporter.m; sourceTree = "<group>"; };
		26F82A5C17F468800048E85B /* ZCAllAppsCategory.h */ = {isa = PBXFileReference; fileEncoding = 4; lastKnownFileType = sourcecode.c.h; path = ZCAllAppsCategory.h; sourceTree = "<group>"; };
		26F82A5D17F468800048E85B /* ZCAllAppsCategory.m */ = {isa = PBXFileReference; fileEncoding = 4; lastKnownFileType = sourcecode.c.objc; path = ZCAllAppsCategory.m; sourceTree = "<group>"; };
		26F82A5E17F468800048E85B /* ZCPersonalGroup.h */ = {isa = PBXFileReference; fileEncoding = 4; lastKnownFileType = sourcecode.c.h; path = ZCPersonalGroup.h; sourceTree = "<group>"; };
		26F82A5F17F468800048E85B /* ZCPersonalGroup.m */ = {isa = PBXFileReference; fileEncoding = 4; lastKnownFileType = sourcecode.c.objc; path = ZCPersonalGroup.m; sourceTree = "<group>"; };
		26F82A6017F468800048E85B /* ZCWorkSpace.h */ = {isa = PBXFileReference; fileEncoding = 4; lastKnownFileType = sourcecode.c.h; path = ZCWorkSpace.h; sourceTree = "<group>"; };
		26F82A6117F468800048E85B /* ZCWorkSpace.m */ = {isa = PBXFileReference; fileEncoding = 4; lastKnownFileType = sourcecode.c.objc; path = ZCWorkSpace.m; sourceTree = "<group>"; };
		26F82A6317F468800048E85B /* ZCComponent.h */ = {isa = PBXFileReference; fileEncoding = 4; lastKnownFileType = sourcecode.c.h; path = ZCComponent.h; sourceTree = "<group>"; };
		26F82A6417F468800048E85B /* ZCComponent.m */ = {isa = PBXFileReference; fileEncoding = 4; lastKnownFileType = sourcecode.c.objc; path = ZCComponent.m; sourceTree = "<group>"; };
		26F82A6717F468800048E85B /* ZCField.h */ = {isa = PBXFileReference; fileEncoding = 4; lastKnownFileType = sourcecode.c.h; path = ZCField.h; sourceTree = "<group>"; };
		26F82A6817F468800048E85B /* ZCField.m */ = {isa = PBXFileReference; fileEncoding = 4; lastKnownFileType = sourcecode.c.objc; path = ZCField.m; sourceTree = "<group>"; };
		26F82A6917F468800048E85B /* ZCFieldList.h */ = {isa = PBXFileReference; fileEncoding = 4; lastKnownFileType = sourcecode.c.h; path = ZCFieldList.h; sourceTree = "<group>"; };
		26F82A6A17F468800048E85B /* ZCFieldList.m */ = {isa = PBXFileReference; fileEncoding = 4; lastKnownFileType = sourcecode.c.objc; path = ZCFieldList.m; sourceTree = "<group>"; };
		26F82A6B17F468800048E85B /* ZCButton.h */ = {isa = PBXFileReference; fileEncoding = 4; lastKnownFileType = sourcecode.c.h; path = ZCButton.h; sourceTree = "<group>"; };
		26F82A6C17F468800048E85B /* ZCButton.m */ = {isa = PBXFileReference; fileEncoding = 4; lastKnownFileType = sourcecode.c.objc; path = ZCButton.m; sourceTree = "<group>"; };
		26F82A6D17F468800048E85B /* ZCForm.h */ = {isa = PBXFileReference; fileEncoding = 4; lastKnownFileType = sourcecode.c.h; path = ZCForm.h; sourceTree = "<group>"; };
		26F82A6E17F468800048E85B /* ZCForm.m */ = {isa = PBXFileReference; fileEncoding = 4; lastKnownFileType = sourcecode.c.objc; path = ZCForm.m; sourceTree = "<group>"; };
		26F82A7017F468800048E85B /* ZCSection.h */ = {isa = PBXFileReference; fileEncoding = 4; lastKnownFileType = sourcecode.c.h; path = ZCSection.h; sourceTree = "<group>"; };
		26F82A7117F468800048E85B /* ZCSection.m */ = {isa = PBXFileReference; fileEncoding = 4; lastKnownFileType = sourcecode.c.objc; path = ZCSection.m; sourceTree = "<group>"; };
		26F82A7217F468800048E85B /* ZCSections.h */ = {isa = PBXFileReference; fileEncoding = 4; lastKnownFileType = sourcecode.c.h; path = ZCSections.h; sourceTree = "<group>"; };
		26F82A7317F468800048E85B /* ZCSections.m */ = {isa = PBXFileReference; fileEncoding = 4; lastKnownFileType = sourcecode.c.objc; path = ZCSections.m; sourceTree = "<group>"; };
		26F82A7517F468800048E85B /* MetaDataUtil.h */ = {isa = PBXFileReference; fileEncoding = 4; lastKnownFileType = sourcecode.c.h; path = MetaDataUtil.h; sourceTree = "<group>"; };
		26F82A7617F468800048E85B /* MetaDataUtil.m */ = {isa = PBXFileReference; fileEncoding = 4; lastKnownFileType = sourcecode.c.objc; path = MetaDataUtil.m; sourceTree = "<group>"; };
		26F82A7717F468800048E85B /* ZCMetaDefault.h */ = {isa = PBXFileReference; fileEncoding = 4; lastKnownFileType = sourcecode.c.h; path = ZCMetaDefault.h; sourceTree = "<group>"; };
		26F82A7817F468800048E85B /* ZCMetaDefault.m */ = {isa = PBXFileReference; fileEncoding = 4; lastKnownFileType = sourcecode.c.objc; path = ZCMetaDefault.m; sourceTree = "<group>"; };
		26F82A7B17F468800048E85B /* ZCViewAction.h */ = {isa = PBXFileReference; fileEncoding = 4; lastKnownFileType = sourcecode.c.h; path = ZCViewAction.h; sourceTree = "<group>"; };
		26F82A7C17F468800048E85B /* ZCViewAction.m */ = {isa = PBXFileReference; fileEncoding = 4; lastKnownFileType = sourcecode.c.objc; path = ZCViewAction.m; sourceTree = "<group>"; };
		26F82A7F17F468800048E85B /* ZCCriteriaUtil.h */ = {isa = PBXFileReference; fileEncoding = 4; lastKnownFileType = sourcecode.c.h; path = ZCCriteriaUtil.h; sourceTree = "<group>"; };
		26F82A8017F468800048E85B /* ZCCriteriaUtil.m */ = {isa = PBXFileReference; fileEncoding = 4; lastKnownFileType = sourcecode.c.objc; path = ZCCriteriaUtil.m; sourceTree = "<group>"; };
		26F82A8117F468800048E85B /* ZCCriteria.h */ = {isa = PBXFileReference; fileEncoding = 4; lastKnownFileType = sourcecode.c.h; path = ZCCriteria.h; sourceTree = "<group>"; };
		26F82A8217F468800048E85B /* ZCCriteria.m */ = {isa = PBXFileReference; fileEncoding = 4; lastKnownFileType = sourcecode.c.objc; path = ZCCriteria.m; sourceTree = "<group>"; };
		26F82A8417F468800048E85B /* ZCViewField.h */ = {isa = PBXFileReference; fileEncoding = 4; lastKnownFileType = sourcecode.c.h; path = ZCViewField.h; sourceTree = "<group>"; };
		26F82A8517F468800048E85B /* ZCViewField.m */ = {isa = PBXFileReference; fileEncoding = 4; lastKnownFileType = sourcecode.c.objc; path = ZCViewField.m; sourceTree = "<group>"; };
		26F82A8717F468800048E85B /* ZCViewCustomFilter.h */ = {isa = PBXFileReference; fileEncoding = 4; lastKnownFileType = sourcecode.c.h; path = ZCViewCustomFilter.h; sourceTree = "<group>"; };
		26F82A8817F468800048E85B /* ZCViewCustomFilter.m */ = {isa = PBXFileReference; fileEncoding = 4; lastKnownFileType = sourcecode.c.objc; path = ZCViewCustomFilter.m; sourceTree = "<group>"; };
		26F82A8917F468800048E85B /* ZCViewFilter.h */ = {isa = PBXFileReference; fileEncoding = 4; lastKnownFileType = sourcecode.c.h; path = ZCViewFilter.h; sourceTree = "<group>"; };
		26F82A8A17F468800048E85B /* ZCViewFilter.m */ = {isa = PBXFileReference; fileEncoding = 4; lastKnownFileType = sourcecode.c.objc; path = ZCViewFilter.m; sourceTree = "<group>"; };
		26F82A8C17F468800048E85B /* ZCHTMLView.h */ = {isa = PBXFileReference; fileEncoding = 4; lastKnownFileType = sourcecode.c.h; path = ZCHTMLView.h; sourceTree = "<group>"; };
		26F82A8D17F468800048E85B /* ZCHTMLView.m */ = {isa = PBXFileReference; fileEncoding = 4; lastKnownFileType = sourcecode.c.objc; path = ZCHTMLView.m; sourceTree = "<group>"; };
		26F82A8E17F468800048E85B /* ZCView.h */ = {isa = PBXFileReference; fileEncoding = 4; lastKnownFileType = sourcecode.c.h; path = ZCView.h; sourceTree = "<group>"; };
		26F82A8F17F468800048E85B /* ZCView.m */ = {isa = PBXFileReference; fileEncoding = 4; lastKnownFileType = sourcecode.c.objc; path = ZCView.m; sourceTree = "<group>"; };
		26F82A9017F468800048E85B /* ZCViewParam.h */ = {isa = PBXFileReference; fileEncoding = 4; lastKnownFileType = sourcecode.c.h; path = ZCViewParam.h; sourceTree = "<group>"; };
		26F82A9117F468800048E85B /* ZCViewParam.m */ = {isa = PBXFileReference; fileEncoding = 4; lastKnownFileType = sourcecode.c.objc; path = ZCViewParam.m; sourceTree = "<group>"; };
		26F82A9417F468800048E85B /* ZCApplicationParser.h */ = {isa = PBXFileReference; fileEncoding = 4; lastKnownFileType = sourcecode.c.h; path = ZCApplicationParser.h; sourceTree = "<group>"; };
		26F82A9517F468800048E85B /* ZCApplicationParser.m */ = {isa = PBXFileReference; fileEncoding = 4; lastKnownFileType = sourcecode.c.objc; path = ZCApplicationParser.m; sourceTree = "<group>"; };
		26F82A9617F468800048E85B /* ZCAppsCategoryParser.h */ = {isa = PBXFileReference; fileEncoding = 4; lastKnownFileType = sourcecode.c.h; path = ZCAppsCategoryParser.h; sourceTree = "<group>"; };
		26F82A9717F468800048E85B /* ZCAppsCategoryParser.m */ = {isa = PBXFileReference; fileEncoding = 4; lastKnownFileType = sourcecode.c.objc; path = ZCAppsCategoryParser.m; sourceTree = "<group>"; };
		26F82A9917F468800048E85B /* FormParser.h */ = {isa = PBXFileReference; fileEncoding = 4; lastKnownFileType = sourcecode.c.h; path = FormParser.h; sourceTree = "<group>"; };
		26F82A9A17F468800048E85B /* FormParser.m */ = {isa = PBXFileReference; fileEncoding = 4; lastKnownFileType = sourcecode.c.objc; path = FormParser.m; sourceTree = "<group>"; };
		26F82A9B17F468800048E85B /* FormParserUtil.h */ = {isa = PBXFileReference; fileEncoding = 4; lastKnownFileType = sourcecode.c.h; path = FormParserUtil.h; sourceTree = "<group>"; };
		26F82A9C17F468800048E85B /* FormParserUtil.m */ = {isa = PBXFileReference; fileEncoding = 4; lastKnownFileType = sourcecode.c.objc; path = FormParserUtil.m; sourceTree = "<group>"; };
		26F82A9E17F468800048E85B /* EditRecordParser.h */ = {isa = PBXFileReference; fileEncoding = 4; lastKnownFileType = sourcecode.c.h; path = EditRecordParser.h; sourceTree = "<group>"; };
		26F82A9F17F468800048E85B /* EditRecordParser.m */ = {isa = PBXFileReference; fileEncoding = 4; lastKnownFileType = sourcecode.c.objc; path = EditRecordParser.m; sourceTree = "<group>"; };
		26F82AA017F468800048E85B /* NewRecordParser.h */ = {isa = PBXFileReference; fileEncoding = 4; lastKnownFileType = sourcecode.c.h; path = NewRecordParser.h; sourceTree = "<group>"; };
		26F82AA117F468800048E85B /* NewRecordParser.m */ = {isa = PBXFileReference; fileEncoding = 4; lastKnownFileType = sourcecode.c.objc; path = NewRecordParser.m; sourceTree = "<group>"; };
		26F82AA317F468800048E85B /* CustomActionParser.h */ = {isa = PBXFileReference; fileEncoding = 4; lastKnownFileType = sourcecode.c.h; path = CustomActionParser.h; sourceTree = "<group>"; };
		26F82AA417F468800048E85B /* CustomActionParser.m */ = {isa = PBXFileReference; fileEncoding = 4; lastKnownFileType = sourcecode.c.objc; path = CustomActionParser.m; sourceTree = "<group>"; };
		26F82AA517F468800048E85B /* ScriptJSONParser.h */ = {isa = PBXFileReference; fileEncoding = 4; lastKnownFileType = sourcecode.c.h; path = ScriptJSONParser.h; sourceTree = "<group>"; };
		26F82AA617F468800048E85B /* ScriptJSONParser.m */ = {isa = PBXFileReference; fileEncoding = 4; lastKnownFileType = sourcecode.c.objc; path = ScriptJSONParser.m; sourceTree = "<group>"; };
		26F82AA717F468800048E85B /* ScriptParser.h */ = {isa = PBXFileReference; fileEncoding = 4; lastKnownFileType = sourcecode.c.h; path = ScriptParser.h; sourceTree = "<group>"; };
		26F82AA817F468800048E85B /* ScriptParser.m */ = {isa = PBXFileReference; fileEncoding = 4; lastKnownFileType = sourcecode.c.objc; path = ScriptParser.m; sourceTree = "<group>"; };
		26F82AAA17F468800048E85B /* ZCSectionParser.h */ = {isa = PBXFileReference; fileEncoding = 4; lastKnownFileType = sourcecode.c.h; path = ZCSectionParser.h; sourceTree = "<group>"; };
		26F82AAB17F468800048E85B /* ZCSectionParser.m */ = {isa = PBXFileReference; fileEncoding = 4; lastKnownFileType = sourcecode.c.objc; path = ZCSectionParser.m; sourceTree = "<group>"; };
		26F82AAD17F468800048E85B /* ZCPaymentParser.h */ = {isa = PBXFileReference; fileEncoding = 4; lastKnownFileType = sourcecode.c.h; path = ZCPaymentParser.h; sourceTree = "<group>"; };
		26F82AAE17F468800048E85B /* ZCPaymentParser.m */ = {isa = PBXFileReference; fileEncoding = 4; lastKnownFileType = sourcecode.c.objc; path = ZCPaymentParser.m; sourceTree = "<group>"; };
		26F82AAF17F468800048E85B /* ZCUserParser.h */ = {isa = PBXFileReference; fileEncoding = 4; lastKnownFileType = sourcecode.c.h; path = ZCUserParser.h; sourceTree = "<group>"; };
		26F82AB017F468800048E85B /* ZCUserParser.m */ = {isa = PBXFileReference; fileEncoding = 4; lastKnownFileType = sourcecode.c.objc; path = ZCUserParser.m; sourceTree = "<group>"; };
		26F82AB217F468800048E85B /* ParserUtil.h */ = {isa = PBXFileReference; fileEncoding = 4; lastKnownFileType = sourcecode.c.h; path = ParserUtil.h; sourceTree = "<group>"; };
		26F82AB317F468800048E85B /* ParserUtil.m */ = {isa = PBXFileReference; fileEncoding = 4; lastKnownFileType = sourcecode.c.objc; path = ParserUtil.m; sourceTree = "<group>"; };
		26F82AB517F468800048E85B /* RecordDuplicateParser.h */ = {isa = PBXFileReference; fileEncoding = 4; lastKnownFileType = sourcecode.c.h; path = RecordDuplicateParser.h; sourceTree = "<group>"; };
		26F82AB617F468800048E85B /* RecordDuplicateParser.m */ = {isa = PBXFileReference; fileEncoding = 4; lastKnownFileType = sourcecode.c.objc; path = RecordDuplicateParser.m; sourceTree = "<group>"; };
		26F82AB717F468800048E85B /* ViewRecordCountParser.h */ = {isa = PBXFileReference; fileEncoding = 4; lastKnownFileType = sourcecode.c.h; path = ViewRecordCountParser.h; sourceTree = "<group>"; };
		26F82AB817F468800048E85B /* ViewRecordCountParser.m */ = {isa = PBXFileReference; fileEncoding = 4; lastKnownFileType = sourcecode.c.objc; path = ViewRecordCountParser.m; sourceTree = "<group>"; };
		26F82AB917F468800048E85B /* ViewRecordParser.h */ = {isa = PBXFileReference; fileEncoding = 4; lastKnownFileType = sourcecode.c.h; path = ViewRecordParser.h; sourceTree = "<group>"; };
		26F82ABA17F468800048E85B /* ViewRecordParser.m */ = {isa = PBXFileReference; fileEncoding = 4; lastKnownFileType = sourcecode.c.objc; path = ViewRecordParser.m; sourceTree = "<group>"; };
		26F82ABC17F468800048E85B /* ZCSubFormRecords.h */ = {isa = PBXFileReference; fileEncoding = 4; lastKnownFileType = sourcecode.c.h; path = ZCSubFormRecords.h; sourceTree = "<group>"; };
		26F82ABD17F468800048E85B /* ZCSubFormRecords.m */ = {isa = PBXFileReference; fileEncoding = 4; lastKnownFileType = sourcecode.c.objc; path = ZCSubFormRecords.m; sourceTree = "<group>"; };
		26F82AC017F468800048E85B /* ButtonOnClick.h */ = {isa = PBXFileReference; fileEncoding = 4; lastKnownFileType = sourcecode.c.h; path = ButtonOnClick.h; sourceTree = "<group>"; };
		26F82AC117F468800048E85B /* ButtonOnClick.m */ = {isa = PBXFileReference; fileEncoding = 4; lastKnownFileType = sourcecode.c.objc; path = ButtonOnClick.m; sourceTree = "<group>"; };
		26F82AC217F468800048E85B /* CustomAction.h */ = {isa = PBXFileReference; fileEncoding = 4; lastKnownFileType = sourcecode.c.h; path = CustomAction.h; sourceTree = "<group>"; };
		26F82AC317F468800048E85B /* CustomAction.m */ = {isa = PBXFileReference; fileEncoding = 4; lastKnownFileType = sourcecode.c.objc; path = CustomAction.m; sourceTree = "<group>"; };
		26F82AC417F468800048E85B /* DelugeEvent.h */ = {isa = PBXFileReference; fileEncoding = 4; lastKnownFileType = sourcecode.c.h; path = DelugeEvent.h; sourceTree = "<group>"; };
		26F82AC517F468800048E85B /* DelugeEvent.m */ = {isa = PBXFileReference; fileEncoding = 4; lastKnownFileType = sourcecode.c.objc; path = DelugeEvent.m; sourceTree = "<group>"; };
		26F82AC617F468800048E85B /* ExecuteFormula.h */ = {isa = PBXFileReference; fileEncoding = 4; lastKnownFileType = sourcecode.c.h; path = ExecuteFormula.h; sourceTree = "<group>"; };
		26F82AC717F468800048E85B /* ExecuteFormula.m */ = {isa = PBXFileReference; fileEncoding = 4; lastKnownFileType = sourcecode.c.objc; path = ExecuteFormula.m; sourceTree = "<group>"; };
		26F82AC817F468800048E85B /* FieldOnUser.h */ = {isa = PBXFileReference; fileEncoding = 4; lastKnownFileType = sourcecode.c.h; path = FieldOnUser.h; sourceTree = "<group>"; };
		26F82AC917F468800048E85B /* FieldOnUser.m */ = {isa = PBXFileReference; fileEncoding = 4; lastKnownFileType = sourcecode.c.objc; path = FieldOnUser.m; sourceTree = "<group>"; };
		26F82ACA17F468800048E85B /* FieldOnuserEvent.h */ = {isa = PBXFileReference; fileEncoding = 4; lastKnownFileType = sourcecode.c.h; path = FieldOnuserEvent.h; sourceTree = "<group>"; };
		26F82ACB17F468800048E85B /* FieldOnuserEvent.m */ = {isa = PBXFileReference; fileEncoding = 4; lastKnownFileType = sourcecode.c.objc; path = FieldOnuserEvent.m; sourceTree = "<group>"; };
		26F82ACC17F468800048E85B /* FormEditOnLoad.h */ = {isa = PBXFileReference; fileEncoding = 4; lastKnownFileType = sourcecode.c.h; path = FormEditOnLoad.h; sourceTree = "<group>"; };
		26F82ACD17F468800048E85B /* FormEditOnLoad.m */ = {isa = PBXFileReference; fileEncoding = 4; lastKnownFileType = sourcecode.c.objc; path = FormEditOnLoad.m; sourceTree = "<group>"; };
		26F82ACE17F468800048E85B /* FormOnLoad.h */ = {isa = PBXFileReference; fileEncoding = 4; lastKnownFileType = sourcecode.c.h; path = FormOnLoad.h; sourceTree = "<group>"; };
		26F82ACF17F468800048E85B /* FormOnLoad.m */ = {isa = PBXFileReference; fileEncoding = 4; lastKnownFileType = sourcecode.c.objc; path = FormOnLoad.m; sourceTree = "<group>"; };
		26F82AD017F468800048E85B /* SubFormAddEvent.h */ = {isa = PBXFileReference; fileEncoding = 4; lastKnownFileType = sourcecode.c.h; path = SubFormAddEvent.h; sourceTree = "<group>"; };
		26F82AD117F468800048E85B /* SubFormAddEvent.m */ = {isa = PBXFileReference; fileEncoding = 4; lastKnownFileType = sourcecode.c.objc; path = SubFormAddEvent.m; sourceTree = "<group>"; };
		26F82AD217F468800048E85B /* SubFormDeleteEvent.h */ = {isa = PBXFileReference; fileEncoding = 4; lastKnownFileType = sourcecode.c.h; path = SubFormDeleteEvent.h; sourceTree = "<group>"; };
		26F82AD317F468800048E85B /* SubFormDeleteEvent.m */ = {isa = PBXFileReference; fileEncoding = 4; lastKnownFileType = sourcecode.c.objc; path = SubFormDeleteEvent.m; sourceTree = "<group>"; };
		26F82AD417F468800048E85B /* SubFormOnUser.h */ = {isa = PBXFileReference; fileEncoding = 4; lastKnownFileType = sourcecode.c.h; path = SubFormOnUser.h; sourceTree = "<group>"; };
		26F82AD517F468800048E85B /* SubFormOnUser.m */ = {isa = PBXFileReference; fileEncoding = 4; lastKnownFileType = sourcecode.c.objc; path = SubFormOnUser.m; sourceTree = "<group>"; };
		26F82AD717F468800048E85B /* AddValueTask.h */ = {isa = PBXFileReference; fileEncoding = 4; lastKnownFileType = sourcecode.c.h; path = AddValueTask.h; sourceTree = "<group>"; };
		26F82AD817F468800048E85B /* AddValueTask.m */ = {isa = PBXFileReference; fileEncoding = 4; lastKnownFileType = sourcecode.c.objc; path = AddValueTask.m; sourceTree = "<group>"; };
		26F82AD917F468800048E85B /* AlertTask.h */ = {isa = PBXFileReference; fileEncoding = 4; lastKnownFileType = sourcecode.c.h; path = AlertTask.h; sourceTree = "<group>"; };
		26F82ADA17F468800048E85B /* AlertTask.m */ = {isa = PBXFileReference; fileEncoding = 4; lastKnownFileType = sourcecode.c.objc; path = AlertTask.m; sourceTree = "<group>"; };
		26F82ADB17F468800048E85B /* ClearTask.h */ = {isa = PBXFileReference; fileEncoding = 4; lastKnownFileType = sourcecode.c.h; path = ClearTask.h; sourceTree = "<group>"; };
		26F82ADC17F468800048E85B /* ClearTask.m */ = {isa = PBXFileReference; fileEncoding = 4; lastKnownFileType = sourcecode.c.objc; path = ClearTask.m; sourceTree = "<group>"; };
		26F82ADD17F468800048E85B /* ClearValueTask.h */ = {isa = PBXFileReference; fileEncoding = 4; lastKnownFileType = sourcecode.c.h; path = ClearValueTask.h; sourceTree = "<group>"; };
		26F82ADE17F468800048E85B /* ClearValueTask.m */ = {isa = PBXFileReference; fileEncoding = 4; lastKnownFileType = sourcecode.c.objc; path = ClearValueTask.m; sourceTree = "<group>"; };
		26F82ADF17F468800048E85B /* CustomActionResponse.h */ = {isa = PBXFileReference; fileEncoding = 4; lastKnownFileType = sourcecode.c.h; path = CustomActionResponse.h; sourceTree = "<group>"; };
		26F82AE017F468800048E85B /* CustomActionResponse.m */ = {isa = PBXFileReference; fileEncoding = 4; lastKnownFileType = sourcecode.c.objc; path = CustomActionResponse.m; sourceTree = "<group>"; };
		26F82AE117F468800048E85B /* CustomActionResult.h */ = {isa = PBXFileReference; fileEncoding = 4; lastKnownFileType = sourcecode.c.h; path = CustomActionResult.h; sourceTree = "<group>"; };
		26F82AE217F468800048E85B /* CustomActionResult.m */ = {isa = PBXFileReference; fileEncoding = 4; lastKnownFileType = sourcecode.c.objc; path = CustomActionResult.m; sourceTree = "<group>"; };
		26F82AE317F468800048E85B /* DelugeTask.h */ = {isa = PBXFileReference; fileEncoding = 4; lastKnownFileType = sourcecode.c.h; path = DelugeTask.h; sourceTree = "<group>"; };
		26F82AE417F468800048E85B /* DelugeTask.m */ = {isa = PBXFileReference; fileEncoding = 4; lastKnownFileType = sourcecode.c.objc; path = DelugeTask.m; sourceTree = "<group>"; };
		26F82AE517F468800048E85B /* DelugeTasks.h */ = {isa = PBXFileReference; fileEncoding = 4; lastKnownFileType = sourcecode.c.h; path = DelugeTasks.h; sourceTree = "<group>"; };
		26F82AE617F468800048E85B /* DelugeTasks.m */ = {isa = PBXFileReference; fileEncoding = 4; lastKnownFileType = sourcecode.c.objc; path = DelugeTasks.m; sourceTree = "<group>"; };
		26F82AE717F468800048E85B /* DeSelectAll.h */ = {isa = PBXFileReference; fileEncoding = 4; lastKnownFileType = sourcecode.c.h; path = DeSelectAll.h; sourceTree = "<group>"; };
		26F82AE817F468800048E85B /* DeSelectAll.m */ = {isa = PBXFileReference; fileEncoding = 4; lastKnownFileType = sourcecode.c.objc; path = DeSelectAll.m; sourceTree = "<group>"; };
		26F82AE917F468800048E85B /* DeSelectValueTask.h */ = {isa = PBXFileReference; fileEncoding = 4; lastKnownFileType = sourcecode.c.h; path = DeSelectValueTask.h; sourceTree = "<group>"; };
		26F82AEA17F468800048E85B /* DeSelectValueTask.m */ = {isa = PBXFileReference; fileEncoding = 4; lastKnownFileType = sourcecode.c.objc; path = DeSelectValueTask.m; sourceTree = "<group>"; };
		26F82AEB17F468800048E85B /* DisableTask.h */ = {isa = PBXFileReference; fileEncoding = 4; lastKnownFileType = sourcecode.c.h; path = DisableTask.h; sourceTree = "<group>"; };
		26F82AEC17F468800048E85B /* DisableTask.m */ = {isa = PBXFileReference; fileEncoding = 4; lastKnownFileType = sourcecode.c.objc; path = DisableTask.m; sourceTree = "<group>"; };
		26F82AED17F468800048E85B /* EnableTask.h */ = {isa = PBXFileReference; fileEncoding = 4; lastKnownFileType = sourcecode.c.h; path = EnableTask.h; sourceTree = "<group>"; };
		26F82AEE17F468800048E85B /* EnableTask.m */ = {isa = PBXFileReference; fileEncoding = 4; lastKnownFileType = sourcecode.c.objc; path = EnableTask.m; sourceTree = "<group>"; };
		26F82AEF17F468800048E85B /* HideTask.h */ = {isa = PBXFileReference; fileEncoding = 4; lastKnownFileType = sourcecode.c.h; path = HideTask.h; sourceTree = "<group>"; };
		26F82AF017F468800048E85B /* HideTask.m */ = {isa = PBXFileReference; fileEncoding = 4; lastKnownFileType = sourcecode.c.objc; path = HideTask.m; sourceTree = "<group>"; };
		26F82AF117F468800048E85B /* OpenUrlTask.h */ = {isa = PBXFileReference; fileEncoding = 4; lastKnownFileType = sourcecode.c.h; path = OpenUrlTask.h; sourceTree = "<group>"; };
		26F82AF217F468800048E85B /* OpenUrlTask.m */ = {isa = PBXFileReference; fileEncoding = 4; lastKnownFileType = sourcecode.c.objc; path = OpenUrlTask.m; sourceTree = "<group>"; };
		26F82AF317F468800048E85B /* ReloadFormTask.h */ = {isa = PBXFileReference; fileEncoding = 4; lastKnownFileType = sourcecode.c.h; path = ReloadFormTask.h; sourceTree = "<group>"; };
		26F82AF417F468800048E85B /* ReloadFormTask.m */ = {isa = PBXFileReference; fileEncoding = 4; lastKnownFileType = sourcecode.c.objc; path = ReloadFormTask.m; sourceTree = "<group>"; };
		26F82AF517F468800048E85B /* SelectAllTask.h */ = {isa = PBXFileReference; fileEncoding = 4; lastKnownFileType = sourcecode.c.h; path = SelectAllTask.h; sourceTree = "<group>"; };
		26F82AF617F468800048E85B /* SelectAllTask.m */ = {isa = PBXFileReference; fileEncoding = 4; lastKnownFileType = sourcecode.c.objc; path = SelectAllTask.m; sourceTree = "<group>"; };
		26F82AF717F468810048E85B /* SelectValueTask.h */ = {isa = PBXFileReference; fileEncoding = 4; lastKnownFileType = sourcecode.c.h; path = SelectValueTask.h; sourceTree = "<group>"; };
		26F82AF817F468810048E85B /* SelectValueTask.m */ = {isa = PBXFileReference; fileEncoding = 4; lastKnownFileType = sourcecode.c.objc; path = SelectValueTask.m; sourceTree = "<group>"; };
		26F82AF917F468810048E85B /* SetVariableTask.h */ = {isa = PBXFileReference; fileEncoding = 4; lastKnownFileType = sourcecode.c.h; path = SetVariableTask.h; sourceTree = "<group>"; };
		26F82AFA17F468810048E85B /* SetVariableTask.m */ = {isa = PBXFileReference; fileEncoding = 4; lastKnownFileType = sourcecode.c.objc; path = SetVariableTask.m; sourceTree = "<group>"; };
		26F82AFB17F468810048E85B /* ShowTask.h */ = {isa = PBXFileReference; fileEncoding = 4; lastKnownFileType = sourcecode.c.h; path = ShowTask.h; sourceTree = "<group>"; };
		26F82AFC17F468810048E85B /* ShowTask.m */ = {isa = PBXFileReference; fileEncoding = 4; lastKnownFileType = sourcecode.c.objc; path = ShowTask.m; sourceTree = "<group>"; };
		26F82AFE17F468810048E85B /* ZCFieldError.h */ = {isa = PBXFileReference; fileEncoding = 4; lastKnownFileType = sourcecode.c.h; path = ZCFieldError.h; sourceTree = "<group>"; };
		26F82AFF17F468810048E85B /* ZCFieldError.m */ = {isa = PBXFileReference; fileEncoding = 4; lastKnownFileType = sourcecode.c.objc; path = ZCFieldError.m; sourceTree = "<group>"; };
		26F82B0017F468810048E85B /* ZCRecordError.h */ = {isa = PBXFileReference; fileEncoding = 4; lastKnownFileType = sourcecode.c.h; path = ZCRecordError.h; sourceTree = "<group>"; };
		26F82B0117F468810048E85B /* ZCRecordError.m */ = {isa = PBXFileReference; fileEncoding = 4; lastKnownFileType = sourcecode.c.objc; path = ZCRecordError.m; sourceTree = "<group>"; };
		26F82B0217F468810048E85B /* ZCRecordStatus.h */ = {isa = PBXFileReference; fileEncoding = 4; lastKnownFileType = sourcecode.c.h; path = ZCRecordStatus.h; sourceTree = "<group>"; };
		26F82B0317F468810048E85B /* ZCRecordStatus.m */ = {isa = PBXFileReference; fileEncoding = 4; lastKnownFileType = sourcecode.c.objc; path = ZCRecordStatus.m; sourceTree = "<group>"; };
		26F82B0417F468810048E85B /* ZCSubFormFieldError.h */ = {isa = PBXFileReference; fileEncoding = 4; lastKnownFileType = sourcecode.c.h; path = ZCSubFormFieldError.h; sourceTree = "<group>"; };
		26F82B0517F468810048E85B /* ZCSubFormFieldError.m */ = {isa = PBXFileReference; fileEncoding = 4; lastKnownFileType = sourcecode.c.objc; path = ZCSubFormFieldError.m; sourceTree = "<group>"; };
		26F82B0617F468810048E85B /* ZOHOCreatorError.h */ = {isa = PBXFileReference; fileEncoding = 4; lastKnownFileType = sourcecode.c.h; path = ZOHOCreatorError.h; sourceTree = "<group>"; };
		26F82B0717F468810048E85B /* ZOHOCreatorError.m */ = {isa = PBXFileReference; fileEncoding = 4; lastKnownFileType = sourcecode.c.objc; path = ZOHOCreatorError.m; sourceTree = "<group>"; };
		26F82B0917F468810048E85B /* ConnectionChecker.h */ = {isa = PBXFileReference; fileEncoding = 4; lastKnownFileType = sourcecode.c.h; path = ConnectionChecker.h; sourceTree = "<group>"; };
		26F82B0A17F468810048E85B /* ConnectionChecker.m */ = {isa = PBXFileReference; fileEncoding = 4; lastKnownFileType = sourcecode.c.objc; path = ConnectionChecker.m; sourceTree = "<group>"; };
		26F82B0B17F468810048E85B /* URLConnector.h */ = {isa = PBXFileReference; fileEncoding = 4; lastKnownFileType = sourcecode.c.h; path = URLConnector.h; sourceTree = "<group>"; };
		26F82B0C17F468810048E85B /* URLConnector.m */ = {isa = PBXFileReference; fileEncoding = 4; lastKnownFileType = sourcecode.c.objc; path = URLConnector.m; sourceTree = "<group>"; };
		26F82B0D17F468810048E85B /* URLConstructor.h */ = {isa = PBXFileReference; fileEncoding = 4; lastKnownFileType = sourcecode.c.h; path = URLConstructor.h; sourceTree = "<group>"; };
		26F82B0E17F468810048E85B /* URLConstructor.m */ = {isa = PBXFileReference; fileEncoding = 4; lastKnownFileType = sourcecode.c.objc; path = URLConstructor.m; sourceTree = "<group>"; };
		26F82B1017F468810048E85B /* ZCPayment.h */ = {isa = PBXFileReference; fileEncoding = 4; lastKnownFileType = sourcecode.c.h; path = ZCPayment.h; sourceTree = "<group>"; };
		26F82B1117F468810048E85B /* ZCPayment.m */ = {isa = PBXFileReference; fileEncoding = 4; lastKnownFileType = sourcecode.c.objc; path = ZCPayment.m; sourceTree = "<group>"; };
		26F82B1217F468810048E85B /* ZOHOUser.h */ = {isa = PBXFileReference; fileEncoding = 4; lastKnownFileType = sourcecode.c.h; path = ZOHOUser.h; sourceTree = "<group>"; };
		26F82B1317F468810048E85B /* ZOHOUser.m */ = {isa = PBXFileReference; fileEncoding = 4; lastKnownFileType = sourcecode.c.objc; path = ZOHOUser.m; sourceTree = "<group>"; };
		26F82B1517F468810048E85B /* ZCInternationalization.h */ = {isa = PBXFileReference; fileEncoding = 4; lastKnownFileType = sourcecode.c.h; path = ZCInternationalization.h; sourceTree = "<group>"; };
		26F82B1617F468810048E85B /* ZCInternationalization.m */ = {isa = PBXFileReference; fileEncoding = 4; lastKnownFileType = sourcecode.c.objc; path = ZCInternationalization.m; sourceTree = "<group>"; };
		26F82B1817F468810048E85B /* ZOHOCreator.h */ = {isa = PBXFileReference; fileEncoding = 4; lastKnownFileType = sourcecode.c.h; path = ZOHOCreator.h; sourceTree = "<group>"; };
		26F82B1917F468810048E85B /* ZOHOCreator.m */ = {isa = PBXFileReference; fileEncoding = 4; lastKnownFileType = sourcecode.c.objc; path = ZOHOCreator.m; sourceTree = "<group>"; };
/* End PBXFileReference section */

/* Begin PBXFrameworksBuildPhase section */
		26F82A0217F468370048E85B /* Frameworks */ = {
			isa = PBXFrameworksBuildPhase;
			buildActionMask = 2147483647;
			files = (
				26F82A0917F468380048E85B /* Foundation.framework in Frameworks */,
			);
			runOnlyForDeploymentPostprocessing = 0;
		};
/* End PBXFrameworksBuildPhase section */

/* Begin PBXGroup section */
		26F829FC17F468370048E85B = {
			isa = PBXGroup;
			children = (
				26F82A0A17F468380048E85B /* ZohoCreatorFramework */,
				26F82A0717F468370048E85B /* Frameworks */,
				26F82A0617F468370048E85B /* Products */,
			);
			sourceTree = "<group>";
		};
		26F82A0617F468370048E85B /* Products */ = {
			isa = PBXGroup;
			children = (
				26F82A0517F468370048E85B /* libZohoCreatorFramework.a */,
			);
			name = Products;
			sourceTree = "<group>";
		};
		26F82A0717F468370048E85B /* Frameworks */ = {
			isa = PBXGroup;
			children = (
				26F82A0817F468370048E85B /* Foundation.framework */,
			);
			name = Frameworks;
			sourceTree = "<group>";
		};
		26F82A0A17F468380048E85B /* ZohoCreatorFramework */ = {
			isa = PBXGroup;
			children = (
				26F82A1617F468800048E85B /* Application */,
				26F82A1B17F468800048E85B /* Archive */,
				26F82A2317F468800048E85B /* Data */,
				26F82A3717F468800048E85B /* Fetcher */,
				26F82A5417F468800048E85B /* Generator */,
				26F82A5717F468800048E85B /* Issuereporter */,
				26F82A5A17F468800048E85B /* Metadata */,
				26F82A9217F468800048E85B /* Parser */,
				26F82ABB17F468800048E85B /* Record */,
				26F82ABE17F468800048E85B /* Script */,
				26F82AFD17F468810048E85B /* Status */,
				26F82B0817F468810048E85B /* URL */,
				26F82B0F17F468810048E85B /* User */,
				26F82B1417F468810048E85B /* ZCInternationalization */,
				26F82B1717F468810048E85B /* ZohoCreator */,
				26F82A0D17F468380048E85B /* ZohoCreatorFramework.h */,
				26F82A0F17F468380048E85B /* ZohoCreatorFramework.m */,
				26F82A0B17F468380048E85B /* Supporting Files */,
			);
			path = ZohoCreatorFramework;
			sourceTree = "<group>";
		};
		26F82A0B17F468380048E85B /* Supporting Files */ = {
			isa = PBXGroup;
			children = (
				26F82A0C17F468380048E85B /* ZohoCreatorFramework-Prefix.pch */,
			);
			name = "Supporting Files";
			sourceTree = "<group>";
		};
		26F82A1617F468800048E85B /* Application */ = {
			isa = PBXGroup;
			children = (
				26F82A1717F468800048E85B /* ZCApplication.h */,
				26F82A1817F468800048E85B /* ZCApplication.m */,
				26F82A1917F468800048E85B /* ZCApplicationList.h */,
				26F82A1A17F468800048E85B /* ZCApplicationList.m */,
			);
			path = Application;
			sourceTree = "<group>";
		};
		26F82A1B17F468800048E85B /* Archive */ = {
			isa = PBXGroup;
			children = (
				26F82A1C17F468800048E85B /* DecodeObject.h */,
				26F82A1D17F468800048E85B /* DecodeObject.m */,
				26F82A1E17F468800048E85B /* EncodeObject.h */,
				26F82A1F17F468800048E85B /* EncodeObject.m */,
				26F82A2017F468800048E85B /* Util */,
			);
			path = Archive;
			sourceTree = "<group>";
		};
		26F82A2017F468800048E85B /* Util */ = {
			isa = PBXGroup;
			children = (
				26F82A2117F468800048E85B /* ArchiveUtil.h */,
				26F82A2217F468800048E85B /* ArchiveUtil.m */,
			);
			path = Util;
			sourceTree = "<group>";
		};
		26F82A2317F468800048E85B /* Data */ = {
			isa = PBXGroup;
			children = (
				26F82A2417F468800048E85B /* FieldData */,
				26F82A2917F468800048E85B /* ZCCalendarEvent.h */,
				26F82A2A17F468800048E85B /* ZCCalendarEvent.m */,
				26F82A2B17F468800048E85B /* ZCCalendarEvents.h */,
				26F82A2C17F468800048E85B /* ZCCalendarEvents.m */,
				26F82A2D17F468800048E85B /* ZCGroup.h */,
				26F82A2E17F468800048E85B /* ZCGroup.m */,
				26F82A2F17F468800048E85B /* ZCGroups.h */,
				26F82A3017F468800048E85B /* ZCGroups.m */,
				26F82A3117F468800048E85B /* ZCRecord.h */,
				26F82A3217F468800048E85B /* ZCRecord.m */,
				26F82A3317F468800048E85B /* ZCRecords.h */,
				26F82A3417F468800048E85B /* ZCRecords.m */,
				26F82A3517F468800048E85B /* ZCRecordString.h */,
				26F82A3617F468800048E85B /* ZCRecordString.m */,
			);
			path = Data;
			sourceTree = "<group>";
		};
		26F82A2417F468800048E85B /* FieldData */ = {
			isa = PBXGroup;
			children = (
				26F82A2517F468800048E85B /* ZCFieldData.h */,
				26F82A2617F468800048E85B /* ZCFieldData.m */,
				26F82A2717F468800048E85B /* ZCRecordUtil.h */,
				26F82A2817F468800048E85B /* ZCRecordUtil.m */,
			);
			path = FieldData;
			sourceTree = "<group>";
		};
		26F82A3717F468800048E85B /* Fetcher */ = {
			isa = PBXGroup;
			children = (
				26F82A3817F468800048E85B /* ZCApplicationFetcher.h */,
				26F82A3917F468800048E85B /* ZCApplicationFetcher.m */,
				26F82A3A17F468800048E85B /* ZCAppListFetcher.h */,
				26F82A3B17F468800048E85B /* ZCAppListFetcher.m */,
				26F82A3C17F468800048E85B /* ZCAppsCategoryListFetcher.h */,
				26F82A3D17F468800048E85B /* ZCAppsCategoryListFetcher.m */,
				26F82A3E17F468800048E85B /* ZCDelugeFetcher.h */,
				26F82A3F17F468800048E85B /* ZCDelugeFetcher.m */,
				26F82A4017F468800048E85B /* ZCFormFetcher.h */,
				26F82A4117F468800048E85B /* ZCFormFetcher.m */,
				26F82A4217F468800048E85B /* ZCHTMLViewFetcher.h */,
				26F82A4317F468800048E85B /* ZCHTMLViewFetcher.m */,
				26F82A4417F468800048E85B /* ZCImageFetcher.h */,
				26F82A4517F468800048E85B /* ZCImageFetcher.m */,
				26F82A4617F468800048E85B /* ZCLicFetcher.h */,
				26F82A4717F468800048E85B /* ZCLicFetcher.m */,
				26F82A4817F468800048E85B /* ZCRecordCountFetcher.h */,
				26F82A4917F468800048E85B /* ZCRecordCountFetcher.m */,
				26F82A4A17F468800048E85B /* ZCSectionFetcher.h */,
				26F82A4B17F468800048E85B /* ZCSectionFetcher.m */,
				26F82A4C17F468800048E85B /* ZCSharedAppListFetcher.h */,
				26F82A4D17F468800048E85B /* ZCSharedAppListFetcher.m */,
				26F82A4E17F468800048E85B /* ZCUserDetailsFetcher.h */,
				26F82A4F17F468800048E85B /* ZCUserDetailsFetcher.m */,
				26F82A5017F468800048E85B /* ZCViewFetcher.h */,
				26F82A5117F468800048E85B /* ZCViewFetcher.m */,
				26F82A5217F468800048E85B /* ZCWorkSpaceAppListFetcher.h */,
				26F82A5317F468800048E85B /* ZCWorkSpaceAppListFetcher.m */,
			);
			path = Fetcher;
			sourceTree = "<group>";
		};
		26F82A5417F468800048E85B /* Generator */ = {
			isa = PBXGroup;
			children = (
				26F82A5517F468800048E85B /* NewRecordXML.h */,
				26F82A5617F468800048E85B /* NewRecordXML.m */,
			);
			path = Generator;
			sourceTree = "<group>";
		};
		26F82A5717F468800048E85B /* Issuereporter */ = {
			isa = PBXGroup;
			children = (
				26F82A5817F468800048E85B /* ZCIssueReporter.h */,
				26F82A5917F468800048E85B /* ZCIssueReporter.m */,
			);
			path = Issuereporter;
			sourceTree = "<group>";
		};
		26F82A5A17F468800048E85B /* Metadata */ = {
			isa = PBXGroup;
			children = (
				26F82A5B17F468800048E85B /* AppSpaces */,
				26F82A6217F468800048E85B /* Component */,
				26F82A6517F468800048E85B /* Form */,
				26F82A6F17F468800048E85B /* Section */,
				26F82A7417F468800048E85B /* Util */,
				26F82A7917F468800048E85B /* View */,
			);
			path = Metadata;
			sourceTree = "<group>";
		};
		26F82A5B17F468800048E85B /* AppSpaces */ = {
			isa = PBXGroup;
			children = (
				26F82A5C17F468800048E85B /* ZCAllAppsCategory.h */,
				26F82A5D17F468800048E85B /* ZCAllAppsCategory.m */,
				26F82A5E17F468800048E85B /* ZCPersonalGroup.h */,
				26F82A5F17F468800048E85B /* ZCPersonalGroup.m */,
				26F82A6017F468800048E85B /* ZCWorkSpace.h */,
				26F82A6117F468800048E85B /* ZCWorkSpace.m */,
			);
			path = AppSpaces;
			sourceTree = "<group>";
		};
		26F82A6217F468800048E85B /* Component */ = {
			isa = PBXGroup;
			children = (
				26F82A6317F468800048E85B /* ZCComponent.h */,
				26F82A6417F468800048E85B /* ZCComponent.m */,
			);
			path = Component;
			sourceTree = "<group>";
		};
		26F82A6517F468800048E85B /* Form */ = {
			isa = PBXGroup;
			children = (
				26F82A6617F468800048E85B /* Field */,
				26F82A6B17F468800048E85B /* ZCButton.h */,
				26F82A6C17F468800048E85B /* ZCButton.m */,
				26F82A6D17F468800048E85B /* ZCForm.h */,
				26F82A6E17F468800048E85B /* ZCForm.m */,
			);
			path = Form;
			sourceTree = "<group>";
		};
		26F82A6617F468800048E85B /* Field */ = {
			isa = PBXGroup;
			children = (
				26F82A6717F468800048E85B /* ZCField.h */,
				26F82A6817F468800048E85B /* ZCField.m */,
				26F82A6917F468800048E85B /* ZCFieldList.h */,
				26F82A6A17F468800048E85B /* ZCFieldList.m */,
			);
			path = Field;
			sourceTree = "<group>";
		};
		26F82A6F17F468800048E85B /* Section */ = {
			isa = PBXGroup;
			children = (
				26F82A7017F468800048E85B /* ZCSection.h */,
				26F82A7117F468800048E85B /* ZCSection.m */,
				26F82A7217F468800048E85B /* ZCSections.h */,
				26F82A7317F468800048E85B /* ZCSections.m */,
			);
			path = Section;
			sourceTree = "<group>";
		};
		26F82A7417F468800048E85B /* Util */ = {
			isa = PBXGroup;
			children = (
				26F82A7517F468800048E85B /* MetaDataUtil.h */,
				26F82A7617F468800048E85B /* MetaDataUtil.m */,
				26F82A7717F468800048E85B /* ZCMetaDefault.h */,
				26F82A7817F468800048E85B /* ZCMetaDefault.m */,
			);
			path = Util;
			sourceTree = "<group>";
		};
		26F82A7917F468800048E85B /* View */ = {
			isa = PBXGroup;
			children = (
				26F82A7A17F468800048E85B /* Actions */,
				26F82A7D17F468800048E85B /* Criteria */,
				26F82A8317F468800048E85B /* Fields */,
				26F82A8617F468800048E85B /* Filter */,
				26F82A8B17F468800048E85B /* View */,
			);
			path = View;
			sourceTree = "<group>";
		};
		26F82A7A17F468800048E85B /* Actions */ = {
			isa = PBXGroup;
			children = (
				26F82A7B17F468800048E85B /* ZCViewAction.h */,
				26F82A7C17F468800048E85B /* ZCViewAction.m */,
			);
			path = Actions;
			sourceTree = "<group>";
		};
		26F82A7D17F468800048E85B /* Criteria */ = {
			isa = PBXGroup;
			children = (
				26F82A7E17F468800048E85B /* Util */,
				26F82A8117F468800048E85B /* ZCCriteria.h */,
				26F82A8217F468800048E85B /* ZCCriteria.m */,
			);
			path = Criteria;
			sourceTree = "<group>";
		};
		26F82A7E17F468800048E85B /* Util */ = {
			isa = PBXGroup;
			children = (
				26F82A7F17F468800048E85B /* ZCCriteriaUtil.h */,
				26F82A8017F468800048E85B /* ZCCriteriaUtil.m */,
			);
			path = Util;
			sourceTree = "<group>";
		};
		26F82A8317F468800048E85B /* Fields */ = {
			isa = PBXGroup;
			children = (
				26F82A8417F468800048E85B /* ZCViewField.h */,
				26F82A8517F468800048E85B /* ZCViewField.m */,
			);
			path = Fields;
			sourceTree = "<group>";
		};
		26F82A8617F468800048E85B /* Filter */ = {
			isa = PBXGroup;
			children = (
				26F82A8717F468800048E85B /* ZCViewCustomFilter.h */,
				26F82A8817F468800048E85B /* ZCViewCustomFilter.m */,
				26F82A8917F468800048E85B /* ZCViewFilter.h */,
				26F82A8A17F468800048E85B /* ZCViewFilter.m */,
			);
			path = Filter;
			sourceTree = "<group>";
		};
		26F82A8B17F468800048E85B /* View */ = {
			isa = PBXGroup;
			children = (
				26F82A8C17F468800048E85B /* ZCHTMLView.h */,
				26F82A8D17F468800048E85B /* ZCHTMLView.m */,
				26F82A8E17F468800048E85B /* ZCView.h */,
				26F82A8F17F468800048E85B /* ZCView.m */,
				26F82A9017F468800048E85B /* ZCViewParam.h */,
				26F82A9117F468800048E85B /* ZCViewParam.m */,
			);
			path = View;
			sourceTree = "<group>";
		};
		26F82A9217F468800048E85B /* Parser */ = {
			isa = PBXGroup;
			children = (
				26F82A9317F468800048E85B /* application */,
				26F82A9817F468800048E85B /* Form */,
				26F82A9D17F468800048E85B /* Record */,
				26F82AA217F468800048E85B /* Script */,
				26F82AA917F468800048E85B /* Section */,
				26F82AAC17F468800048E85B /* User */,
				26F82AB117F468800048E85B /* Util */,
				26F82AB417F468800048E85B /* View */,
			);
			path = Parser;
			sourceTree = "<group>";
		};
		26F82A9317F468800048E85B /* application */ = {
			isa = PBXGroup;
			children = (
				26F82A9417F468800048E85B /* ZCApplicationParser.h */,
				26F82A9517F468800048E85B /* ZCApplicationParser.m */,
				26F82A9617F468800048E85B /* ZCAppsCategoryParser.h */,
				26F82A9717F468800048E85B /* ZCAppsCategoryParser.m */,
			);
			path = application;
			sourceTree = "<group>";
		};
		26F82A9817F468800048E85B /* Form */ = {
			isa = PBXGroup;
			children = (
				26F82A9917F468800048E85B /* FormParser.h */,
				26F82A9A17F468800048E85B /* FormParser.m */,
				26F82A9B17F468800048E85B /* FormParserUtil.h */,
				26F82A9C17F468800048E85B /* FormParserUtil.m */,
			);
			path = Form;
			sourceTree = "<group>";
		};
		26F82A9D17F468800048E85B /* Record */ = {
			isa = PBXGroup;
			children = (
				26F82A9E17F468800048E85B /* EditRecordParser.h */,
				26F82A9F17F468800048E85B /* EditRecordParser.m */,
				26F82AA017F468800048E85B /* NewRecordParser.h */,
				26F82AA117F468800048E85B /* NewRecordParser.m */,
			);
			path = Record;
			sourceTree = "<group>";
		};
		26F82AA217F468800048E85B /* Script */ = {
			isa = PBXGroup;
			children = (
				26F82AA317F468800048E85B /* CustomActionParser.h */,
				26F82AA417F468800048E85B /* CustomActionParser.m */,
				26F82AA517F468800048E85B /* ScriptJSONParser.h */,
				26F82AA617F468800048E85B /* ScriptJSONParser.m */,
				26F82AA717F468800048E85B /* ScriptParser.h */,
				26F82AA817F468800048E85B /* ScriptParser.m */,
			);
			path = Script;
			sourceTree = "<group>";
		};
		26F82AA917F468800048E85B /* Section */ = {
			isa = PBXGroup;
			children = (
				26F82AAA17F468800048E85B /* ZCSectionParser.h */,
				26F82AAB17F468800048E85B /* ZCSectionParser.m */,
			);
			path = Section;
			sourceTree = "<group>";
		};
		26F82AAC17F468800048E85B /* User */ = {
			isa = PBXGroup;
			children = (
				26F82AAD17F468800048E85B /* ZCPaymentParser.h */,
				26F82AAE17F468800048E85B /* ZCPaymentParser.m */,
				26F82AAF17F468800048E85B /* ZCUserParser.h */,
				26F82AB017F468800048E85B /* ZCUserParser.m */,
			);
			path = User;
			sourceTree = "<group>";
		};
		26F82AB117F468800048E85B /* Util */ = {
			isa = PBXGroup;
			children = (
				26F82AB217F468800048E85B /* ParserUtil.h */,
				26F82AB317F468800048E85B /* ParserUtil.m */,
			);
			path = Util;
			sourceTree = "<group>";
		};
		26F82AB417F468800048E85B /* View */ = {
			isa = PBXGroup;
			children = (
				26F82AB517F468800048E85B /* RecordDuplicateParser.h */,
				26F82AB617F468800048E85B /* RecordDuplicateParser.m */,
				26F82AB717F468800048E85B /* ViewRecordCountParser.h */,
				26F82AB817F468800048E85B /* ViewRecordCountParser.m */,
				26F82AB917F468800048E85B /* ViewRecordParser.h */,
				26F82ABA17F468800048E85B /* ViewRecordParser.m */,
			);
			path = View;
			sourceTree = "<group>";
		};
		26F82ABB17F468800048E85B /* Record */ = {
			isa = PBXGroup;
			children = (
				26F82ABC17F468800048E85B /* ZCSubFormRecords.h */,
				26F82ABD17F468800048E85B /* ZCSubFormRecords.m */,
			);
			path = Record;
			sourceTree = "<group>";
		};
		26F82ABE17F468800048E85B /* Script */ = {
			isa = PBXGroup;
			children = (
				26F82ABF17F468800048E85B /* Events */,
				26F82AD617F468800048E85B /* Tasks */,
			);
			path = Script;
			sourceTree = "<group>";
		};
		26F82ABF17F468800048E85B /* Events */ = {
			isa = PBXGroup;
			children = (
				26F82AC017F468800048E85B /* ButtonOnClick.h */,
				26F82AC117F468800048E85B /* ButtonOnClick.m */,
				26F82AC217F468800048E85B /* CustomAction.h */,
				26F82AC317F468800048E85B /* CustomAction.m */,
				26F82AC417F468800048E85B /* DelugeEvent.h */,
				26F82AC517F468800048E85B /* DelugeEvent.m */,
				26F82AC617F468800048E85B /* ExecuteFormula.h */,
				26F82AC717F468800048E85B /* ExecuteFormula.m */,
				26F82AC817F468800048E85B /* FieldOnUser.h */,
				26F82AC917F468800048E85B /* FieldOnUser.m */,
				26F82ACA17F468800048E85B /* FieldOnuserEvent.h */,
				26F82ACB17F468800048E85B /* FieldOnuserEvent.m */,
				26F82ACC17F468800048E85B /* FormEditOnLoad.h */,
				26F82ACD17F468800048E85B /* FormEditOnLoad.m */,
				26F82ACE17F468800048E85B /* FormOnLoad.h */,
				26F82ACF17F468800048E85B /* FormOnLoad.m */,
				26F82AD017F468800048E85B /* SubFormAddEvent.h */,
				26F82AD117F468800048E85B /* SubFormAddEvent.m */,
				26F82AD217F468800048E85B /* SubFormDeleteEvent.h */,
				26F82AD317F468800048E85B /* SubFormDeleteEvent.m */,
				26F82AD417F468800048E85B /* SubFormOnUser.h */,
				26F82AD517F468800048E85B /* SubFormOnUser.m */,
			);
			path = Events;
			sourceTree = "<group>";
		};
		26F82AD617F468800048E85B /* Tasks */ = {
			isa = PBXGroup;
			children = (
				26F82AD717F468800048E85B /* AddValueTask.h */,
				26F82AD817F468800048E85B /* AddValueTask.m */,
				26F82AD917F468800048E85B /* AlertTask.h */,
				26F82ADA17F468800048E85B /* AlertTask.m */,
				26F82ADB17F468800048E85B /* ClearTask.h */,
				26F82ADC17F468800048E85B /* ClearTask.m */,
				26F82ADD17F468800048E85B /* ClearValueTask.h */,
				26F82ADE17F468800048E85B /* ClearValueTask.m */,
				26F82ADF17F468800048E85B /* CustomActionResponse.h */,
				26F82AE017F468800048E85B /* CustomActionResponse.m */,
				26F82AE117F468800048E85B /* CustomActionResult.h */,
				26F82AE217F468800048E85B /* CustomActionResult.m */,
				26F82AE317F468800048E85B /* DelugeTask.h */,
				26F82AE417F468800048E85B /* DelugeTask.m */,
				26F82AE517F468800048E85B /* DelugeTasks.h */,
				26F82AE617F468800048E85B /* DelugeTasks.m */,
				26F82AE717F468800048E85B /* DeSelectAll.h */,
				26F82AE817F468800048E85B /* DeSelectAll.m */,
				26F82AE917F468800048E85B /* DeSelectValueTask.h */,
				26F82AEA17F468800048E85B /* DeSelectValueTask.m */,
				26F82AEB17F468800048E85B /* DisableTask.h */,
				26F82AEC17F468800048E85B /* DisableTask.m */,
				26F82AED17F468800048E85B /* EnableTask.h */,
				26F82AEE17F468800048E85B /* EnableTask.m */,
				26F82AEF17F468800048E85B /* HideTask.h */,
				26F82AF017F468800048E85B /* HideTask.m */,
				26F82AF117F468800048E85B /* OpenUrlTask.h */,
				26F82AF217F468800048E85B /* OpenUrlTask.m */,
				26F82AF317F468800048E85B /* ReloadFormTask.h */,
				26F82AF417F468800048E85B /* ReloadFormTask.m */,
				26F82AF517F468800048E85B /* SelectAllTask.h */,
				26F82AF617F468800048E85B /* SelectAllTask.m */,
				26F82AF717F468810048E85B /* SelectValueTask.h */,
				26F82AF817F468810048E85B /* SelectValueTask.m */,
				26F82AF917F468810048E85B /* SetVariableTask.h */,
				26F82AFA17F468810048E85B /* SetVariableTask.m */,
				26F82AFB17F468810048E85B /* ShowTask.h */,
				26F82AFC17F468810048E85B /* ShowTask.m */,
			);
			path = Tasks;
			sourceTree = "<group>";
		};
		26F82AFD17F468810048E85B /* Status */ = {
			isa = PBXGroup;
			children = (
				26F82AFE17F468810048E85B /* ZCFieldError.h */,
				26F82AFF17F468810048E85B /* ZCFieldError.m */,
				26F82B0017F468810048E85B /* ZCRecordError.h */,
				26F82B0117F468810048E85B /* ZCRecordError.m */,
				26F82B0217F468810048E85B /* ZCRecordStatus.h */,
				26F82B0317F468810048E85B /* ZCRecordStatus.m */,
				26F82B0417F468810048E85B /* ZCSubFormFieldError.h */,
				26F82B0517F468810048E85B /* ZCSubFormFieldError.m */,
				26F82B0617F468810048E85B /* ZOHOCreatorError.h */,
				26F82B0717F468810048E85B /* ZOHOCreatorError.m */,
			);
			path = Status;
			sourceTree = "<group>";
		};
		26F82B0817F468810048E85B /* URL */ = {
			isa = PBXGroup;
			children = (
				26F82B0917F468810048E85B /* ConnectionChecker.h */,
				26F82B0A17F468810048E85B /* ConnectionChecker.m */,
				26F82B0B17F468810048E85B /* URLConnector.h */,
				26F82B0C17F468810048E85B /* URLConnector.m */,
				26F82B0D17F468810048E85B /* URLConstructor.h */,
				26F82B0E17F468810048E85B /* URLConstructor.m */,
			);
			path = URL;
			sourceTree = "<group>";
		};
		26F82B0F17F468810048E85B /* User */ = {
			isa = PBXGroup;
			children = (
				26F82B1017F468810048E85B /* ZCPayment.h */,
				26F82B1117F468810048E85B /* ZCPayment.m */,
				26F82B1217F468810048E85B /* ZOHOUser.h */,
				26F82B1317F468810048E85B /* ZOHOUser.m */,
			);
			path = User;
			sourceTree = "<group>";
		};
		26F82B1417F468810048E85B /* ZCInternationalization */ = {
			isa = PBXGroup;
			children = (
				26F82B1517F468810048E85B /* ZCInternationalization.h */,
				26F82B1617F468810048E85B /* ZCInternationalization.m */,
			);
			path = ZCInternationalization;
			sourceTree = "<group>";
		};
		26F82B1717F468810048E85B /* ZohoCreator */ = {
			isa = PBXGroup;
			children = (
				26F82B1817F468810048E85B /* ZOHOCreator.h */,
				26F82B1917F468810048E85B /* ZOHOCreator.m */,
			);
			path = ZohoCreator;
			sourceTree = "<group>";
		};
/* End PBXGroup section */

/* Begin PBXNativeTarget section */
		26F82A0417F468370048E85B /* ZohoCreatorFramework */ = {
			isa = PBXNativeTarget;
			buildConfigurationList = 26F82A1317F468380048E85B /* Build configuration list for PBXNativeTarget "ZohoCreatorFramework" */;
			buildPhases = (
				26F82A0117F468370048E85B /* Sources */,
				26F82A0217F468370048E85B /* Frameworks */,
				26F82A0317F468370048E85B /* CopyFiles */,
			);
			buildRules = (
			);
			dependencies = (
			);
			name = ZohoCreatorFramework;
			productName = ZohoCreatorFramework;
			productReference = 26F82A0517F468370048E85B /* libZohoCreatorFramework.a */;
			productType = "com.apple.product-type.library.static";
		};
/* End PBXNativeTarget section */

/* Begin PBXProject section */
		26F829FD17F468370048E85B /* Project object */ = {
			isa = PBXProject;
			attributes = {
				LastUpgradeCheck = 0460;
				ORGANIZATIONNAME = "mathankumar vv.";
			};
			buildConfigurationList = 26F82A0017F468370048E85B /* Build configuration list for PBXProject "ZohoCreatorFramework" */;
			compatibilityVersion = "Xcode 3.2";
			developmentRegion = English;
			hasScannedForEncodings = 0;
			knownRegions = (
				en,
			);
			mainGroup = 26F829FC17F468370048E85B;
			productRefGroup = 26F82A0617F468370048E85B /* Products */;
			projectDirPath = "";
			projectRoot = "";
			targets = (
				26F82A0417F468370048E85B /* ZohoCreatorFramework */,
			);
		};
/* End PBXProject section */

/* Begin PBXSourcesBuildPhase section */
		26F82A0117F468370048E85B /* Sources */ = {
			isa = PBXSourcesBuildPhase;
			buildActionMask = 2147483647;
			files = (
				26F82A1017F468380048E85B /* ZohoCreatorFramework.m in Sources */,
				26F82B1A17F468810048E85B /* ZCApplication.m in Sources */,
				26F82B1B17F468810048E85B /* ZCApplicationList.m in Sources */,
				26F82B1C17F468810048E85B /* DecodeObject.m in Sources */,
				26F82B1D17F468810048E85B /* EncodeObject.m in Sources */,
				26F82B1E17F468810048E85B /* ArchiveUtil.m in Sources */,
				26F82B1F17F468810048E85B /* ZCFieldData.m in Sources */,
				26F82B2017F468810048E85B /* ZCRecordUtil.m in Sources */,
				26F82B2117F468810048E85B /* ZCCalendarEvent.m in Sources */,
				26F82B2217F468810048E85B /* ZCCalendarEvents.m in Sources */,
				26F82B2317F468810048E85B /* ZCGroup.m in Sources */,
				26F82B2417F468810048E85B /* ZCGroups.m in Sources */,
				26F82B2517F468810048E85B /* ZCRecord.m in Sources */,
				26F82B2617F468810048E85B /* ZCRecords.m in Sources */,
				26F82B2717F468810048E85B /* ZCRecordString.m in Sources */,
				26F82B2817F468810048E85B /* ZCApplicationFetcher.m in Sources */,
				26F82B2917F468810048E85B /* ZCAppListFetcher.m in Sources */,
				26F82B2A17F468810048E85B /* ZCAppsCategoryListFetcher.m in Sources */,
				26F82B2B17F468810048E85B /* ZCDelugeFetcher.m in Sources */,
				26F82B2C17F468810048E85B /* ZCFormFetcher.m in Sources */,
				26F82B2D17F468810048E85B /* ZCHTMLViewFetcher.m in Sources */,
				26F82B2E17F468810048E85B /* ZCImageFetcher.m in Sources */,
				26F82B2F17F468810048E85B /* ZCLicFetcher.m in Sources */,
				26F82B3017F468810048E85B /* ZCRecordCountFetcher.m in Sources */,
				26F82B3117F468810048E85B /* ZCSectionFetcher.m in Sources */,
				26F82B3217F468810048E85B /* ZCSharedAppListFetcher.m in Sources */,
				26F82B3317F468810048E85B /* ZCUserDetailsFetcher.m in Sources */,
				26F82B3417F468810048E85B /* ZCViewFetcher.m in Sources */,
				26F82B3517F468810048E85B /* ZCWorkSpaceAppListFetcher.m in Sources */,
				26F82B3617F468810048E85B /* NewRecordXML.m in Sources */,
				26F82B3717F468810048E85B /* ZCIssueReporter.m in Sources */,
				26F82B3817F468810048E85B /* ZCAllAppsCategory.m in Sources */,
				26F82B3917F468810048E85B /* ZCPersonalGroup.m in Sources */,
				26F82B3A17F468810048E85B /* ZCWorkSpace.m in Sources */,
				26F82B3B17F468810048E85B /* ZCComponent.m in Sources */,
				26F82B3C17F468810048E85B /* ZCField.m in Sources */,
				26F82B3D17F468810048E85B /* ZCFieldList.m in Sources */,
				26F82B3E17F468810048E85B /* ZCButton.m in Sources */,
				26F82B3F17F468810048E85B /* ZCForm.m in Sources */,
				26F82B4017F468810048E85B /* ZCSection.m in Sources */,
				26F82B4117F468810048E85B /* ZCSections.m in Sources */,
				26F82B4217F468810048E85B /* MetaDataUtil.m in Sources */,
				26F82B4317F468810048E85B /* ZCMetaDefault.m in Sources */,
				26F82B4417F468810048E85B /* ZCViewAction.m in Sources */,
				26F82B4517F468810048E85B /* ZCCriteriaUtil.m in Sources */,
				26F82B4617F468810048E85B /* ZCCriteria.m in Sources */,
				26F82B4717F468810048E85B /* ZCViewField.m in Sources */,
				26F82B4817F468810048E85B /* ZCViewCustomFilter.m in Sources */,
				26F82B4917F468810048E85B /* ZCViewFilter.m in Sources */,
				26F82B4A17F468810048E85B /* ZCHTMLView.m in Sources */,
				26F82B4B17F468810048E85B /* ZCView.m in Sources */,
				26F82B4C17F468810048E85B /* ZCViewParam.m in Sources */,
				26F82B4D17F468810048E85B /* ZCApplicationParser.m in Sources */,
				26F82B4E17F468810048E85B /* ZCAppsCategoryParser.m in Sources */,
				26F82B4F17F468810048E85B /* FormParser.m in Sources */,
				26F82B5017F468810048E85B /* FormParserUtil.m in Sources */,
				26F82B5117F468810048E85B /* EditRecordParser.m in Sources */,
				26F82B5217F468810048E85B /* NewRecordParser.m in Sources */,
				26F82B5317F468810048E85B /* CustomActionParser.m in Sources */,
				26F82B5417F468810048E85B /* ScriptJSONParser.m in Sources */,
				26F82B5517F468810048E85B /* ScriptParser.m in Sources */,
				26F82B5617F468810048E85B /* ZCSectionParser.m in Sources */,
				26F82B5717F468810048E85B /* ZCPaymentParser.m in Sources */,
				26F82B5817F468810048E85B /* ZCUserParser.m in Sources */,
				26F82B5917F468810048E85B /* ParserUtil.m in Sources */,
				26F82B5A17F468810048E85B /* RecordDuplicateParser.m in Sources */,
				26F82B5B17F468810048E85B /* ViewRecordCountParser.m in Sources */,
				26F82B5C17F468810048E85B /* ViewRecordParser.m in Sources */,
				26F82B5D17F468810048E85B /* ZCSubFormRecords.m in Sources */,
				26F82B5E17F468810048E85B /* ButtonOnClick.m in Sources */,
				26F82B5F17F468810048E85B /* CustomAction.m in Sources */,
				26F82B6017F468810048E85B /* DelugeEvent.m in Sources */,
				26F82B6117F468810048E85B /* ExecuteFormula.m in Sources */,
				26F82B6217F468810048E85B /* FieldOnUser.m in Sources */,
				26F82B6317F468810048E85B /* FieldOnuserEvent.m in Sources */,
				26F82B6417F468810048E85B /* FormEditOnLoad.m in Sources */,
				26F82B6517F468810048E85B /* FormOnLoad.m in Sources */,
				26F82B6617F468810048E85B /* SubFormAddEvent.m in Sources */,
				26F82B6717F468810048E85B /* SubFormDeleteEvent.m in Sources */,
				26F82B6817F468810048E85B /* SubFormOnUser.m in Sources */,
				26F82B6917F468810048E85B /* AddValueTask.m in Sources */,
				26F82B6A17F468810048E85B /* AlertTask.m in Sources */,
				26F82B6B17F468810048E85B /* ClearTask.m in Sources */,
				26F82B6C17F468810048E85B /* ClearValueTask.m in Sources */,
				26F82B6D17F468810048E85B /* CustomActionResponse.m in Sources */,
				26F82B6E17F468810048E85B /* CustomActionResult.m in Sources */,
				26F82B6F17F468810048E85B /* DelugeTask.m in Sources */,
				26F82B7017F468810048E85B /* DelugeTasks.m in Sources */,
				26F82B7117F468810048E85B /* DeSelectAll.m in Sources */,
				26F82B7217F468810048E85B /* DeSelectValueTask.m in Sources */,
				26F82B7317F468810048E85B /* DisableTask.m in Sources */,
				26F82B7417F468810048E85B /* EnableTask.m in Sources */,
				26F82B7517F468810048E85B /* HideTask.m in Sources */,
				26F82B7617F468810048E85B /* OpenUrlTask.m in Sources */,
				26F82B7717F468810048E85B /* ReloadFormTask.m in Sources */,
				26F82B7817F468810048E85B /* SelectAllTask.m in Sources */,
				26F82B7917F468810048E85B /* SelectValueTask.m in Sources */,
				26F82B7A17F468810048E85B /* SetVariableTask.m in Sources */,
				26F82B7B17F468810048E85B /* ShowTask.m in Sources */,
				26F82B7C17F468810048E85B /* ZCFieldError.m in Sources */,
				26F82B7D17F468810048E85B /* ZCRecordError.m in Sources */,
				26F82B7E17F468810048E85B /* ZCRecordStatus.m in Sources */,
				26F82B7F17F468810048E85B /* ZCSubFormFieldError.m in Sources */,
				26F82B8017F468810048E85B /* ZOHOCreatorError.m in Sources */,
				26F82B8117F468810048E85B /* ConnectionChecker.m in Sources */,
				26F82B8217F468810048E85B /* URLConnector.m in Sources */,
				26F82B8317F468810048E85B /* URLConstructor.m in Sources */,
				26F82B8417F468810048E85B /* ZCPayment.m in Sources */,
				26F82B8517F468810048E85B /* ZOHOUser.m in Sources */,
				26F82B8617F468810048E85B /* ZCInternationalization.m in Sources */,
				26F82B8717F468810048E85B /* ZOHOCreator.m in Sources */,
			);
			runOnlyForDeploymentPostprocessing = 0;
		};
/* End PBXSourcesBuildPhase section */

/* Begin XCBuildConfiguration section */
		26F82A1117F468380048E85B /* Debug */ = {
			isa = XCBuildConfiguration;
			buildSettings = {
				ALWAYS_SEARCH_USER_PATHS = NO;
				CLANG_CXX_LANGUAGE_STANDARD = "gnu++0x";
				CLANG_CXX_LIBRARY = "libc++";
				CLANG_ENABLE_OBJC_ARC = YES;
				CLANG_WARN_CONSTANT_CONVERSION = YES;
				CLANG_WARN_EMPTY_BODY = YES;
				CLANG_WARN_ENUM_CONVERSION = YES;
				CLANG_WARN_INT_CONVERSION = YES;
				CLANG_WARN__DUPLICATE_METHOD_MATCH = YES;
				COPY_PHASE_STRIP = NO;
				GCC_C_LANGUAGE_STANDARD = gnu99;
				GCC_DYNAMIC_NO_PIC = NO;
				GCC_OPTIMIZATION_LEVEL = 0;
				GCC_PREPROCESSOR_DEFINITIONS = (
					"DEBUG=1",
					"$(inherited)",
				);
				GCC_SYMBOLS_PRIVATE_EXTERN = NO;
				GCC_WARN_ABOUT_RETURN_TYPE = YES;
				GCC_WARN_UNINITIALIZED_AUTOS = YES;
				GCC_WARN_UNUSED_VARIABLE = YES;
				IPHONEOS_DEPLOYMENT_TARGET = 6.1;
				ONLY_ACTIVE_ARCH = YES;
				SDKROOT = iphoneos;
			};
			name = Debug;
		};
		26F82A1217F468380048E85B /* Release */ = {
			isa = XCBuildConfiguration;
			buildSettings = {
				ALWAYS_SEARCH_USER_PATHS = NO;
				CLANG_CXX_LANGUAGE_STANDARD = "gnu++0x";
				CLANG_CXX_LIBRARY = "libc++";
				CLANG_ENABLE_OBJC_ARC = YES;
				CLANG_WARN_CONSTANT_CONVERSION = YES;
				CLANG_WARN_EMPTY_BODY = YES;
				CLANG_WARN_ENUM_CONVERSION = YES;
				CLANG_WARN_INT_CONVERSION = YES;
				CLANG_WARN__DUPLICATE_METHOD_MATCH = YES;
				COPY_PHASE_STRIP = YES;
				GCC_C_LANGUAGE_STANDARD = gnu99;
				GCC_WARN_ABOUT_RETURN_TYPE = YES;
				GCC_WARN_UNINITIALIZED_AUTOS = YES;
				GCC_WARN_UNUSED_VARIABLE = YES;
				IPHONEOS_DEPLOYMENT_TARGET = 6.1;
				SDKROOT = iphoneos;
				VALIDATE_PRODUCT = YES;
			};
			name = Release;
		};
		26F82A1417F468380048E85B /* Debug */ = {
			isa = XCBuildConfiguration;
			buildSettings = {
				DSTROOT = /tmp/ZohoCreatorFramework.dst;
				GCC_PRECOMPILE_PREFIX_HEADER = YES;
				GCC_PREFIX_HEADER = "ZohoCreatorFramework/ZohoCreatorFramework-Prefix.pch";
				OTHER_LDFLAGS = "-ObjC";
				PRODUCT_NAME = "$(TARGET_NAME)";
				SKIP_INSTALL = YES;
			};
			name = Debug;
		};
		26F82A1517F468380048E85B /* Release */ = {
			isa = XCBuildConfiguration;
			buildSettings = {
				DSTROOT = /tmp/ZohoCreatorFramework.dst;
				GCC_PRECOMPILE_PREFIX_HEADER = YES;
				GCC_PREFIX_HEADER = "ZohoCreatorFramework/ZohoCreatorFramework-Prefix.pch";
				OTHER_LDFLAGS = "-ObjC";
				PRODUCT_NAME = "$(TARGET_NAME)";
				SKIP_INSTALL = YES;
			};
			name = Release;
		};
/* End XCBuildConfiguration section */

/* Begin XCConfigurationList section */
		26F82A0017F468370048E85B /* Build configuration list for PBXProject "ZohoCreatorFramework" */ = {
			isa = XCConfigurationList;
			buildConfigurations = (
				26F82A1117F468380048E85B /* Debug */,
				26F82A1217F468380048E85B /* Release */,
			);
			defaultConfigurationIsVisible = 0;
			defaultConfigurationName = Release;
		};
		26F82A1317F468380048E85B /* Build configuration list for PBXNativeTarget "ZohoCreatorFramework" */ = {
			isa = XCConfigurationList;
			buildConfigurations = (
				26F82A1417F468380048E85B /* Debug */,
				26F82A1517F468380048E85B /* Release */,
			);
			defaultConfigurationIsVisible = 0;
		};
/* End XCConfigurationList section */
	};
	rootObject = 26F829FD17F468370048E85B /* Project object */;
}
